
Microsoft Visual Studio Solution File, Format Version 12.00
# Visual Studio 15
Project("{FAE04EC0-301F-11D3-BF4B-00C04F79EFBC}") = "Unity.Timeline", "Unity.Timeline.csproj", "{5DC67C31-D64F-4D6F-B04C-687B05A86C96}"
EndProject
Project("{FAE04EC0-301F-11D3-BF4B-00C04F79EFBC}") = "Unity.Multiplayer.Tools.NetStats", "Unity.Multiplayer.Tools.NetStats.csproj", "{6C68C065-C817-A253-091F-3C257B12EDB1}"
EndProject
Project("{FAE04EC0-301F-11D3-BF4B-00C04F79EFBC}") = "Unity.PlasticSCM.Editor", "Unity.PlasticSCM.Editor.csproj", "{69631931-EC42-C212-5A70-F7C31204A8D3}"
EndProject
Project("{FAE04EC0-301F-11D3-BF4B-00C04F79EFBC}") = "Unity.Multiplayer.Playmode.WorkflowUI.Editor", "Unity.Multiplayer.Playmode.WorkflowUI.Editor.csproj", "{4EA72D44-4596-6ABC-A2AE-AC8CD630971F}"
EndProject
Project("{FAE04EC0-301F-11D3-BF4B-00C04F79EFBC}") = "Unity.Localization", "Unity.Localization.csproj", "{6FC7B805-7BCD-5C55-C0E4-E5543EFD12FA}"
EndProject
Project("{FAE04EC0-301F-11D3-BF4B-00C04F79EFBC}") = "Unity.2D.Aseprite.Editor", "Unity.2D.Aseprite.Editor.csproj", "{3D49BEDA-A0E7-0159-7CA2-3908872B1109}"
EndProject
Project("{FAE04EC0-301F-11D3-BF4B-00C04F79EFBC}") = "Unity.Multiplayer.Tools.NetStatsMonitor.Configuration", "Unity.Multiplayer.Tools.NetStatsMonitor.Configuration.csproj", "{55E413F3-B9F1-4F76-B989-1575893B06CE}"
EndProject
Project("{FAE04EC0-301F-11D3-BF4B-00C04F79EFBC}") = "Unity.ScriptableBuildPipeline.Editor", "Unity.ScriptableBuildPipeline.Editor.csproj", "{5F76AED3-ADCA-5AE5-339A-D17279A8004E}"
EndProject
Project("{FAE04EC0-301F-11D3-BF4B-00C04F79EFBC}") = "Unity.Mathematics", "Unity.Mathematics.csproj", "{36EE9981-9521-9E5E-053B-6FB72FAC729D}"
EndProject
Project("{FAE04EC0-301F-11D3-BF4B-00C04F79EFBC}") = "Unity.Timeline.Editor", "Unity.Timeline.Editor.csproj", "{3FBBD68A-934A-C244-991B-E99F78C25DF5}"
EndProject
Project("{FAE04EC0-301F-11D3-BF4B-00C04F79EFBC}") = "Unity.Collections", "Unity.Collections.csproj", "{3FD02F89-2115-776F-5CAD-724708BB6783}"
EndProject
Project("{FAE04EC0-301F-11D3-BF4B-00C04F79EFBC}") = "Unity.2D.IK.Runtime", "Unity.2D.IK.Runtime.csproj", "{7C96CAC3-4C4B-A626-F906-666D06C01C89}"
EndProject
Project("{FAE04EC0-301F-11D3-BF4B-00C04F79EFBC}") = "Unity.Addressables.Editor", "Unity.Addressables.Editor.csproj", "{E0C4B902-2717-9972-C67C-A61FEBCA8158}"
EndProject
Project("{FAE04EC0-301F-11D3-BF4B-00C04F79EFBC}") = "Unity.Multiplayer.Tools.NetStatsMonitor.Editor", "Unity.Multiplayer.Tools.NetStatsMonitor.Editor.csproj", "{D2EB3D1A-25D1-AED3-BB4A-FC62AF191F4C}"
EndProject
Project("{FAE04EC0-301F-11D3-BF4B-00C04F79EFBC}") = "Unity.2D.Psdimporter.Editor", "Unity.2D.Psdimporter.Editor.csproj", "{AC90F8F1-0BCA-7EBF-0893-D736D5583EF5}"
EndProject
Project("{FAE04EC0-301F-11D3-BF4B-00C04F79EFBC}") = "Unity.VisualScripting.Core.Editor", "Unity.VisualScripting.Core.Editor.csproj", "{D604B5C2-A4CE-9373-F3FE-887EEBBACA30}"
EndProject
Project("{FAE04EC0-301F-11D3-BF4B-00C04F79EFBC}") = "Unity.PerformanceTesting.Editor", "Unity.PerformanceTesting.Editor.csproj", "{EF3E8E2C-5594-2E9A-736C-C41D62410A98}"
EndProject
Project("{FAE04EC0-301F-11D3-BF4B-00C04F79EFBC}") = "Unity.Localization.Editor", "Unity.Localization.Editor.csproj", "{42CC937D-3720-AC34-782D-ACAB86031392}"
EndProject
Project("{FAE04EC0-301F-11D3-BF4B-00C04F79EFBC}") = "UnityEngine.TestRunner", "UnityEngine.TestRunner.csproj", "{D06204E1-2122-02B6-BA58-C3E4E585315F}"
EndProject
Project("{FAE04EC0-301F-11D3-BF4B-00C04F79EFBC}") = "Unity.Notifications.iOS", "Unity.Notifications.iOS.csproj", "{DB3559E7-C650-9831-E875-904A16A736E8}"
EndProject
Project("{FAE04EC0-301F-11D3-BF4B-00C04F79EFBC}") = "Unity.Burst", "Unity.Burst.csproj", "{5634D37D-E06C-DA64-72C9-9D7745ABAFE1}"
EndProject
Project("{FAE04EC0-301F-11D3-BF4B-00C04F79EFBC}") = "Unity.Multiplayer.PlayMode.Scenarios.Editor", "Unity.Multiplayer.PlayMode.Scenarios.Editor.csproj", "{1455944C-C099-E631-0D63-8FE7552FAC6F}"
EndProject
Project("{FAE04EC0-301F-11D3-BF4B-00C04F79EFBC}") = "Unity.Multiplayer.Tools.NetworkProfiler.Editor", "Unity.Multiplayer.Tools.NetworkProfiler.Editor.csproj", "{2B5EC30D-430A-267A-E044-B84488547CB1}"
EndProject
Project("{FAE04EC0-301F-11D3-BF4B-00C04F79EFBC}") = "Unity.VisualScripting.Flow.Editor", "Unity.VisualScripting.Flow.Editor.csproj", "{0400323C-F1BA-85D7-9E5B-178EC758D99B}"
EndProject
Project("{FAE04EC0-301F-11D3-BF4B-00C04F79EFBC}") = "Unity.Netcode.Runtime", "Unity.Netcode.Runtime.csproj", "{08CD3AF0-17ED-CE48-D185-9265996DC0DB}"
EndProject
Project("{FAE04EC0-301F-11D3-BF4B-00C04F79EFBC}") = "Assembly-CSharp", "Assembly-CSharp.csproj", "{3C5A4DE8-A944-7F62-0BFE-C6F2912F1089}"
EndProject
Project("{FAE04EC0-301F-11D3-BF4B-00C04F79EFBC}") = "Unity.2D.SpriteShape.Editor", "Unity.2D.SpriteShape.Editor.csproj", "{7550826C-F4A1-E025-EE72-A249E5AC2F33}"
EndProject
Project("{FAE04EC0-301F-11D3-BF4B-00C04F79EFBC}") = "Unity.InputSystem", "Unity.InputSystem.csproj", "{9B1810F8-410A-76B0-1882-F97AE950E5E8}"
EndProject
Project("{FAE04EC0-301F-11D3-BF4B-00C04F79EFBC}") = "Unity.VisualStudio.Editor", "Unity.VisualStudio.Editor.csproj", "{4F3F9380-91B3-4E50-1FDF-2638B569BCE1}"
EndProject
Project("{FAE04EC0-301F-11D3-BF4B-00C04F79EFBC}") = "Unity.2D.Animation.Editor", "Unity.2D.Animation.Editor.csproj", "{E1EB89E6-5628-F1D8-7577-BDEC5DDFE976}"
EndProject
Project("{FAE04EC0-301F-11D3-BF4B-00C04F79EFBC}") = "Unity.Notifications.Android", "Unity.Notifications.Android.csproj", "{D7522D80-C1D7-4862-7439-80226905343D}"
EndProject
Project("{FAE04EC0-301F-11D3-BF4B-00C04F79EFBC}") = "Unity.Searcher.Editor", "Unity.Searcher.Editor.csproj", "{ABB49C89-31AA-E218-01B2-B8CB095F4B68}"
EndProject
Project("{FAE04EC0-301F-11D3-BF4B-00C04F79EFBC}") = "Unity.ResourceManager", "Unity.ResourceManager.csproj", "{F66D34D5-6D5A-99FD-5223-974DC754FBE1}"
EndProject
Project("{FAE04EC0-301F-11D3-BF4B-00C04F79EFBC}") = "Unity.Multiplayer.Tools.MetricTypes", "Unity.Multiplayer.Tools.MetricTypes.csproj", "{BCC63899-E26B-5572-8BF1-26F0030EA041}"
EndProject
Project("{FAE04EC0-301F-11D3-BF4B-00C04F79EFBC}") = "Unity.Multiplayer.Tools.Adapters", "Unity.Multiplayer.Tools.Adapters.csproj", "{708D798B-A294-F2DB-ECA0-513AC7CE8DC8}"
EndProject
Project("{FAE04EC0-301F-11D3-BF4B-00C04F79EFBC}") = "Unity.2D.SpriteShape.Runtime", "Unity.2D.SpriteShape.Runtime.csproj", "{45ED5076-21C5-86E9-ABC2-74B95E7C8354}"
EndProject
Project("{FAE04EC0-301F-11D3-BF4B-00C04F79EFBC}") = "UnityEditor.TestRunner", "UnityEditor.TestRunner.csproj", "{6DD80582-E1F5-7621-56ED-4D8D5021BAAC}"
EndProject
Project("{FAE04EC0-301F-11D3-BF4B-00C04F79EFBC}") = "Unity.VisualScripting.Core", "Unity.VisualScripting.Core.csproj", "{80A32176-E802-AD8A-0FED-9CD11317BD66}"
EndProject
Project("{FAE04EC0-301F-11D3-BF4B-00C04F79EFBC}") = "Unity.CollabProxy.Editor", "Unity.CollabProxy.Editor.csproj", "{6E48F0D2-139E-7215-8134-9D10C0F47C27}"
EndProject
Project("{FAE04EC0-301F-11D3-BF4B-00C04F79EFBC}") = "Unity.VisualScripting.State.Editor", "Unity.VisualScripting.State.Editor.csproj", "{50C97F73-5E3A-ABDA-703E-1A147FAB8EB1}"
EndProject
Project("{FAE04EC0-301F-11D3-BF4B-00C04F79EFBC}") = "Unity.Multiplayer.Playmode.VirtualProjects.Editor", "Unity.Multiplayer.Playmode.VirtualProjects.Editor.csproj", "{7669A8A3-2C77-FE0C-E6A6-3E206BDD4113}"
EndProject
Project("{FAE04EC0-301F-11D3-BF4B-00C04F79EFBC}") = "Unity.Burst.CodeGen", "Unity.Burst.CodeGen.csproj", "{FBC27DE7-CB5A-9783-037C-F6CE48B1C574}"
EndProject
Project("{FAE04EC0-301F-11D3-BF4B-00C04F79EFBC}") = "Unity.Addressables.Editor.Tests.DocExampleCode", "Unity.Addressables.Editor.Tests.DocExampleCode.csproj", "{EE4B8874-16BD-4298-F28A-7F6CF815B3D8}"
EndProject
Project("{FAE04EC0-301F-11D3-BF4B-00C04F79EFBC}") = "Unity.Multiplayer.Tools.Common", "Unity.Multiplayer.Tools.Common.csproj", "{9CD30232-F18C-AEAF-F4A1-C8788D29C07E}"
EndProject
Project("{FAE04EC0-301F-11D3-BF4B-00C04F79EFBC}") = "Unity.VisualScripting.Flow", "Unity.VisualScripting.Flow.csproj", "{BCA61AC9-D352-D412-8D8D-9C10570B5669}"
EndProject
Project("{FAE04EC0-301F-11D3-BF4B-00C04F79EFBC}") = "Unity.PerformanceTesting", "Unity.PerformanceTesting.csproj", "{219D59F4-35FA-80B5-EC6F-F4779EE9AD4D}"
EndProject
Project("{FAE04EC0-301F-11D3-BF4B-00C04F79EFBC}") = "Unity.2D.Tilemap.Extras.Editor", "Unity.2D.Tilemap.Extras.Editor.csproj", "{B5732B85-16B2-FAB9-3B85-C6B0273831C9}"
EndProject
Project("{FAE04EC0-301F-11D3-BF4B-00C04F79EFBC}") = "Unity.AdaptivePerformance.Editor", "Unity.AdaptivePerformance.Editor.csproj", "{72A8EE7B-2B3E-F155-8B27-E5DDE94AAE28}"
EndProject
Project("{FAE04EC0-301F-11D3-BF4B-00C04F79EFBC}") = "Unity.Multiplayer.Playmode.Common.Editor", "Unity.Multiplayer.Playmode.Common.Editor.csproj", "{BC2F341A-C198-E9CD-0ACF-71092B6E9173}"
EndProject
Project("{FAE04EC0-301F-11D3-BF4B-00C04F79EFBC}") = "Unity.InternalAPIEngineBridge.013", "Unity.InternalAPIEngineBridge.013.csproj", "{EBD11A76-15EE-1FB1-A1BF-37C56387DC8D}"
EndProject
Project("{FAE04EC0-301F-11D3-BF4B-00C04F79EFBC}") = "Unity.Multiplayer.Tools.NetStatsMonitor.Implementation", "Unity.Multiplayer.Tools.NetStatsMonitor.Implementation.csproj", "{69E9CF44-B63C-F099-A111-03FB3824E8DF}"
EndProject
Project("{FAE04EC0-301F-11D3-BF4B-00C04F79EFBC}") = "PsdPlugin", "PsdPlugin.csproj", "{B42263FF-1499-9FBF-B286-76AC30E4CBA9}"
EndProject
Project("{FAE04EC0-301F-11D3-BF4B-00C04F79EFBC}") = "Unity.Multiplayer.Tools.NetStatsMonitor.Component", "Unity.Multiplayer.Tools.NetStatsMonitor.Component.csproj", "{95C6E0E9-FE1C-E2D5-2F3B-E611105F8BB4}"
EndProject
Project("{FAE04EC0-301F-11D3-BF4B-00C04F79EFBC}") = "Unity.2D.IK.Editor", "Unity.2D.IK.Editor.csproj", "{DB25BF56-DEC1-45FD-453B-1FF62574A7BB}"
EndProject
Project("{FAE04EC0-301F-11D3-BF4B-00C04F79EFBC}") = "Unity.InternalAPIEngineBridge.001", "Unity.InternalAPIEngineBridge.001.csproj", "{6120EE6F-9EAC-5A3A-B592-4CD06E5B4DF2}"
EndProject
Project("{FAE04EC0-301F-11D3-BF4B-00C04F79EFBC}") = "Unity.2D.Aseprite.Common", "Unity.2D.Aseprite.Common.csproj", "{9F434C44-6693-55F3-2DE6-0CD4FA41A6B2}"
EndProject
Project("{FAE04EC0-301F-11D3-BF4B-00C04F79EFBC}") = "Unity.Burst.Editor", "Unity.Burst.Editor.csproj", "{15E2AE2C-EE56-6831-6E83-0C22CCE80454}"
EndProject
Project("{FAE04EC0-301F-11D3-BF4B-00C04F79EFBC}") = "Unity.Multiplayer.Playmode.Workflow.Editor", "Unity.Multiplayer.Playmode.Workflow.Editor.csproj", "{3EFBFD32-9317-356D-1829-201AAF86B9EC}"
EndProject
Project("{FAE04EC0-301F-11D3-BF4B-00C04F79EFBC}") = "Unity.Multiplayer.Tools.Initialization", "Unity.Multiplayer.Tools.Initialization.csproj", "{A8A823FE-F8E8-5AF9-8157-054C46A63CC8}"
EndProject
Project("{FAE04EC0-301F-11D3-BF4B-00C04F79EFBC}") = "Unity.2D.Common.Editor", "Unity.2D.Common.Editor.csproj", "{3988A61E-45A6-8AC7-D822-CA9C4E050D88}"
EndProject
Project("{FAE04EC0-301F-11D3-BF4B-00C04F79EFBC}") = "Unity.2D.Common.Path.Editor", "Unity.2D.Common.Path.Editor.csproj", "{8054B872-1B82-5AD9-782D-94F9F73A1E8A}"
EndProject
Project("{FAE04EC0-301F-11D3-BF4B-00C04F79EFBC}") = "Unity.Networking.Transport", "Unity.Networking.Transport.csproj", "{B18B0F28-24CF-586B-4775-E46CAA0C4ED3}"
EndProject
Project("{FAE04EC0-301F-11D3-BF4B-00C04F79EFBC}") = "Unity.Mobile.AndroidLogcat.Editor", "Unity.Mobile.AndroidLogcat.Editor.csproj", "{538CCC5D-03DD-AA43-DD42-10F874DAA838}"
EndProject
Project("{FAE04EC0-301F-11D3-BF4B-00C04F79EFBC}") = "Unity.Rider.Editor", "Unity.Rider.Editor.csproj", "{1F5BC6DF-25E3-25A6-30A8-BB7C3720D875}"
EndProject
Project("{FAE04EC0-301F-11D3-BF4B-00C04F79EFBC}") = "Unity.VisualScripting.State", "Unity.VisualScripting.State.csproj", "{2897FCCB-A293-4C0C-AF5B-66381ED0A787}"
EndProject
Project("{FAE04EC0-301F-11D3-BF4B-00C04F79EFBC}") = "Unity.InternalAPIEditorBridge.001", "Unity.InternalAPIEditorBridge.001.csproj", "{5F09C9FE-3C83-2FD3-EA91-6CFD9D3581A3}"
EndProject
Project("{FAE04EC0-301F-11D3-BF4B-00C04F79EFBC}") = "Unity.Multiplayer.Tools.NetVis.Editor.UI", "Unity.Multiplayer.Tools.NetVis.Editor.UI.csproj", "{64F4AD2B-AA37-A1FD-5A67-F20FF915D45B}"
EndProject
Project("{FAE04EC0-301F-11D3-BF4B-00C04F79EFBC}") = "Unity.AdaptivePerformance", "Unity.AdaptivePerformance.csproj", "{6918DB09-3BE0-A044-10B2-F525DF29FB62}"
EndProject
Project("{FAE04EC0-301F-11D3-BF4B-00C04F79EFBC}") = "Unity.Networking.Editor", "Unity.Networking.Editor.csproj", "{265E2F4F-3178-88FF-8003-E4666C72E852}"
EndProject
Project("{FAE04EC0-301F-11D3-BF4B-00C04F79EFBC}") = "Unity.Notifications", "Unity.Notifications.csproj", "{CC9BC213-15DE-94B8-AA57-2C38C89C43F1}"
EndProject
Project("{FAE04EC0-301F-11D3-BF4B-00C04F79EFBC}") = "Unity.InternalAPIEditorBridge.013", "Unity.InternalAPIEditorBridge.013.csproj", "{9575C008-C3E8-DA18-AB3F-74C5BCF2B717}"
EndProject
Project("{FAE04EC0-301F-11D3-BF4B-00C04F79EFBC}") = "Unity.Multiplayer.Tools.MetricTestData", "Unity.Multiplayer.Tools.MetricTestData.csproj", "{B2B688ED-4E41-D69B-3CED-02A80F6195B7}"
EndProject
Project("{FAE04EC0-301F-11D3-BF4B-00C04F79EFBC}") = "Unity.2D.PixelPerfect.Editor", "Unity.2D.PixelPerfect.Editor.csproj", "{73D30445-700F-A401-18C8-2E483BB80220}"
EndProject
Project("{FAE04EC0-301F-11D3-BF4B-00C04F79EFBC}") = "Unity.Netcode.Editor.CodeGen", "Unity.Netcode.Editor.CodeGen.csproj", "{2F990211-6608-96B5-31DD-027B15D8D979}"
EndProject
Project("{FAE04EC0-301F-11D3-BF4B-00C04F79EFBC}") = "Unity.Multiplayer.Tools.NetworkSimulator.Runtime", "Unity.Multiplayer.Tools.NetworkSimulator.Runtime.csproj", "{9652157C-F818-3803-EC63-F849635A24AB}"
EndProject
Project("{FAE04EC0-301F-11D3-BF4B-00C04F79EFBC}") = "Unity.Multiplayer.Tools.Adapters.Ngo1WithUtp2", "Unity.Multiplayer.Tools.Adapters.Ngo1WithUtp2.csproj", "{0D8D4228-96FD-5BB6-4ABC-8BDE600BC752}"
EndProject
Project("{FAE04EC0-301F-11D3-BF4B-00C04F79EFBC}") = "Unity.VectorGraphics", "Unity.VectorGraphics.csproj", "{1A63AC6E-6E3B-961B-286C-0CD615098662}"
EndProject
Project("{FAE04EC0-301F-11D3-BF4B-00C04F79EFBC}") = "Unity.Netcode.Editor", "Unity.Netcode.Editor.csproj", "{16D91624-D01C-D1E7-D21C-36A60E9A460E}"
EndProject
Project("{FAE04EC0-301F-11D3-BF4B-00C04F79EFBC}") = "Unity.Multiplayer.Tools.DependencyInjection.UIElements", "Unity.Multiplayer.Tools.DependencyInjection.UIElements.csproj", "{BE0D15EB-965D-7748-2355-8B20DB877473}"
EndProject
Project("{FAE04EC0-301F-11D3-BF4B-00C04F79EFBC}") = "Unity.Multiplayer.Tools.NetworkSimulator.Editor", "Unity.Multiplayer.Tools.NetworkSimulator.Editor.csproj", "{0E120F80-6D74-BE81-8F61-E2AB9E6B1CFA}"
EndProject
Project("{FAE04EC0-301F-11D3-BF4B-00C04F79EFBC}") = "Unity.Multiplayer.Tools.NetworkProfiler.Runtime", "Unity.Multiplayer.Tools.NetworkProfiler.Runtime.csproj", "{6CDD4731-C647-4B18-993F-EA5562242678}"
EndProject
Project("{FAE04EC0-301F-11D3-BF4B-00C04F79EFBC}") = "Unity.Notifications.Unified", "Unity.Notifications.Unified.csproj", "{9445EC86-55C4-1A3A-315F-DF558019A41A}"
EndProject
Project("{FAE04EC0-301F-11D3-BF4B-00C04F79EFBC}") = "Unity.InputSystem.ForUI", "Unity.InputSystem.ForUI.csproj", "{6AC59395-3380-FE09-4A29-7A946ED0289B}"
EndProject
Project("{FAE04EC0-301F-11D3-BF4B-00C04F79EFBC}") = "Unity.Collections.CodeGen", "Unity.Collections.CodeGen.csproj", "{ABBC4FDE-C337-7214-3460-EF1EC395492C}"
EndProject
Project("{FAE04EC0-301F-11D3-BF4B-00C04F79EFBC}") = "Unity.2D.Tilemap.Extras", "Unity.2D.Tilemap.Extras.csproj", "{A740F248-6058-775A-7FF3-7538A5E00AD7}"
EndProject
Project("{FAE04EC0-301F-11D3-BF4B-00C04F79EFBC}") = "Unity.Addressables", "Unity.Addressables.csproj", "{1A738229-8527-58CB-F5ED-11896CA13B09}"
EndProject
Project("{FAE04EC0-301F-11D3-BF4B-00C04F79EFBC}") = "Unity.2D.Animation.Runtime", "Unity.2D.Animation.Runtime.csproj", "{597F3F37-0811-ABF3-BD5C-97C5F21E0CC6}"
EndProject
Project("{FAE04EC0-301F-11D3-BF4B-00C04F79EFBC}") = "Unity.VectorGraphics.Editor", "Unity.VectorGraphics.Editor.csproj", "{D41E518C-FADF-4A44-D9A8-B833C738B9AF}"
EndProject
Project("{FAE04EC0-301F-11D3-BF4B-00C04F79EFBC}") = "Unity.Mathematics.Editor", "Unity.Mathematics.Editor.csproj", "{9283A774-523B-3B9E-6D03-8687BAD3DD42}"
EndProject
Project("{FAE04EC0-301F-11D3-BF4B-00C04F79EFBC}") = "Unity.VisualScripting.SettingsProvider.Editor", "Unity.VisualScripting.SettingsProvider.Editor.csproj", "{132D960B-19EE-B7ED-4B1B-6C32D1AD9C19}"
EndProject
Project("{FAE04EC0-301F-11D3-BF4B-00C04F79EFBC}") = "Unity.Toolchain.Macos-x86_64-Linux-x86_64", "Unity.Toolchain.Macos-x86_64-Linux-x86_64.csproj", "{C3852A9C-0812-B3F1-A5D3-DF87D589EF3D}"
EndProject
Project("{FAE04EC0-301F-11D3-BF4B-00C04F79EFBC}") = "Unity.Multiplayer.PlayMode.Configurations.Editor", "Unity.Multiplayer.PlayMode.Configurations.Editor.csproj", "{BAD05B79-B8EB-2CEF-BD98-E1E5EE511694}"
EndProject
Project("{FAE04EC0-301F-11D3-BF4B-00C04F79EFBC}") = "Assembly-CSharp-Editor", "Assembly-CSharp-Editor.csproj", "{58369957-19DB-0EF3-89F1-DF658BDE448C}"
EndProject
Project("{FAE04EC0-301F-11D3-BF4B-00C04F79EFBC}") = "Unity.Multiplayer.Tools.NetworkSolutionInterface", "Unity.Multiplayer.Tools.NetworkSolutionInterface.csproj", "{285BD36A-80B6-00B7-DE61-C5373162809C}"
EndProject
Project("{FAE04EC0-301F-11D3-BF4B-00C04F79EFBC}") = "Unity.Multiplayer.Tools.NetVis.Configuration", "Unity.Multiplayer.Tools.NetVis.Configuration.csproj", "{779F41E6-960B-C1EF-8C2C-B90B5C7949B9}"
EndProject
Project("{FAE04EC0-301F-11D3-BF4B-00C04F79EFBC}") = "Unity.InputSystem.TestFramework", "Unity.InputSystem.TestFramework.csproj", "{2F0A7AD1-7BA9-C80A-1ECA-EF5DAAEF5836}"
EndProject
Project("{FAE04EC0-301F-11D3-BF4B-00C04F79EFBC}") = "Unity.Multiplayer.Tools.NetStats.CodeGen", "Unity.Multiplayer.Tools.NetStats.CodeGen.csproj", "{5A4AE414-6740-6D44-53BD-CE850F8F88BD}"
EndProject
Project("{FAE04EC0-301F-11D3-BF4B-00C04F79EFBC}") = "Unity.Multiplayer.Tools.DependencyInjection", "Unity.Multiplayer.Tools.DependencyInjection.csproj", "{AFB20205-4A07-AECC-7CF6-5B48D54F3518}"
EndProject
Project("{FAE04EC0-301F-11D3-BF4B-00C04F79EFBC}") = "Unity.VisualScripting.Shared.Editor", "Unity.VisualScripting.Shared.Editor.csproj", "{BC86CCD9-6B43-BE95-F211-C8905BDFB249}"
EndProject
Project("{FAE04EC0-301F-11D3-BF4B-00C04F79EFBC}") = "com.unity.multiplayer.tools.window", "com.unity.multiplayer.tools.window.csproj", "{6EB1A213-4070-D5E0-8EB9-3F15E1ECDF8C}"
EndProject
Project("{FAE04EC0-301F-11D3-BF4B-00C04F79EFBC}") = "Unity.Profiling.Core", "Unity.Profiling.Core.csproj", "{64F8226C-8F69-4E5A-2EFD-3DAAA57C534D}"
EndProject
Project("{FAE04EC0-301F-11D3-BF4B-00C04F79EFBC}") = "Unity.Multiplayer.Tools.MetricEvents", "Unity.Multiplayer.Tools.MetricEvents.csproj", "{CADBFFA5-E810-8D80-6275-CFB77B0E9572}"
EndProject
Project("{FAE04EC0-301F-11D3-BF4B-00C04F79EFBC}") = "Unity.InternalAPIEngineBridge.003", "Unity.InternalAPIEngineBridge.003.csproj", "{5C2DAA33-3CD5-FA3F-39D2-6E0886B76984}"
EndProject
Project("{FAE04EC0-301F-11D3-BF4B-00C04F79EFBC}") = "Unity.AdaptivePerformance.Simulator.Editor", "Unity.AdaptivePerformance.Simulator.Editor.csproj", "{961E4C65-2FE3-5731-7A16-88B86160B259}"
EndProject
Project("{FAE04EC0-301F-11D3-BF4B-00C04F79EFBC}") = "Unity.InternalAPIEditorBridge.022", "Unity.InternalAPIEditorBridge.022.csproj", "{2D945C26-5ED6-5E39-5652-8D8A3B10E773}"
EndProject
Project("{FAE04EC0-301F-11D3-BF4B-00C04F79EFBC}") = "Unity.Multiplayer.Playmode", "Unity.Multiplayer.Playmode.csproj", "{F63ED6F8-4DF8-C884-3F3B-269579890B6B}"
EndProject
Project("{FAE04EC0-301F-11D3-BF4B-00C04F79EFBC}") = "Unity.Multiplayer.PlayMode.Editor.Bridge", "Unity.Multiplayer.PlayMode.Editor.Bridge.csproj", "{EE538069-2D5A-2B6F-436F-139F668E5C5E}"
EndProject
Project("{FAE04EC0-301F-11D3-BF4B-00C04F79EFBC}") = "Unity.AdaptivePerformance.Profiler.Editor", "Unity.AdaptivePerformance.Profiler.Editor.csproj", "{1836D6AA-9642-9AB9-C005-6BC8550F10CF}"
EndProject
Project("{FAE04EC0-301F-11D3-BF4B-00C04F79EFBC}") = "Unity.2D.Common.Runtime", "Unity.2D.Common.Runtime.csproj", "{7D437752-980A-2497-5AED-3BF5B9C18697}"
EndProject
Project("{FAE04EC0-301F-11D3-BF4B-00C04F79EFBC}") = "Unity.2D.PixelPerfect", "Unity.2D.PixelPerfect.csproj", "{05E03A46-D6D8-AB9D-22D7-B54C69A439C2}"
EndProject
Project("{FAE04EC0-301F-11D3-BF4B-00C04F79EFBC}") = "Unity.SysrootPackage.Editor", "Unity.SysrootPackage.Editor.csproj", "{57BA6324-6C0A-AB02-F816-7195DCDEE3A5}"
EndProject
Project("{FAE04EC0-301F-11D3-BF4B-00C04F79EFBC}") = "Unity.Multiplayer.Tools.Editor", "Unity.Multiplayer.Tools.Editor.csproj", "{1DF8ADF9-ABDB-BB20-AB17-772266F416D1}"
EndProject
Project("{FAE04EC0-301F-11D3-BF4B-00C04F79EFBC}") = "Unity.Multiplayer.Tools.NetVis.Editor.Visualization", "Unity.Multiplayer.Tools.NetVis.Editor.Visualization.csproj", "{5EF95D97-E871-3436-ED39-D89304437FCA}"
EndProject
Project("{FAE04EC0-301F-11D3-BF4B-00C04F79EFBC}") = "Unity.Netcode.Editor.PackageChecker", "Unity.Netcode.Editor.PackageChecker.csproj", "{7B168B1E-ECE8-369B-0C5C-AB1E711E0505}"
EndProject
Project("{FAE04EC0-301F-11D3-BF4B-00C04F79EFBC}") = "ScriptablePacker", "ScriptablePacker.csproj", "{A3163691-013A-98B6-84BB-91EDB56A5AA1}"
EndProject
Project("{FAE04EC0-301F-11D3-BF4B-00C04F79EFBC}") = "Unity.Multiplayer.Tools.Adapters.Ngo1", "Unity.Multiplayer.Tools.Adapters.Ngo1.csproj", "{140A13F5-10BB-10EC-5125-2F5AE87D4301}"
EndProject
Project("{FAE04EC0-301F-11D3-BF4B-00C04F79EFBC}") = "Unity.Sysroot.Linux_x86_64", "Unity.Sysroot.Linux_x86_64.csproj", "{3AAFB67B-F16B-BCF2-4654-25D43F055F1F}"
EndProject
Project("{FAE04EC0-301F-11D3-BF4B-00C04F79EFBC}") = "Unity.AdaptivePerformance.UI.Editor", "Unity.AdaptivePerformance.UI.Editor.csproj", "{549E046E-C432-55AB-7441-AAC88A218264}"
EndProject
Project("{FAE04EC0-301F-11D3-BF4B-00C04F79EFBC}") = "Unity.Multiplayer.Tools.NetStatsReporting", "Unity.Multiplayer.Tools.NetStatsReporting.csproj", "{263A38FA-3FF2-CEEA-E9AC-49ABFCEF0CC2}"
EndProject
Project("{FAE04EC0-301F-11D3-BF4B-00C04F79EFBC}") = "Unity.Multiplayer.Playmode.Common.Runtime", "Unity.Multiplayer.Playmode.Common.Runtime.csproj", "{C107C3AA-8310-A7A2-251F-B3EA044B66E7}"
EndProject
Project("{FAE04EC0-301F-11D3-BF4B-00C04F79EFBC}") = "Unity.Multiplayer.Tools.Adapters.Utp2", "Unity.Multiplayer.Tools.Adapters.Utp2.csproj", "{5B290B03-F1D8-4AD6-374B-92FDEBD0CE3A}"
EndProject
Project("{FAE04EC0-301F-11D3-BF4B-00C04F79EFBC}") = "Unity.InternalAPIEditorBridge.003", "Unity.InternalAPIEditorBridge.003.csproj", "{32ED3A3A-5A48-D951-F739-0A5F072B6607}"
EndProject
Project("{FAE04EC0-301F-11D3-BF4B-00C04F79EFBC}") = "Unity.ScriptableBuildPipeline", "Unity.ScriptableBuildPipeline.csproj", "{3B0A810E-845C-4199-3258-283CA3EDE94C}"
EndProject
Project("{FAE04EC0-301F-11D3-BF4B-00C04F79EFBC}") = "Unity.AdaptivePerformance.Simulator.Extension", "Unity.AdaptivePerformance.Simulator.Extension.csproj", "{2879A22A-6CEE-2472-3295-0A5B5D0C68D4}"
EndProject
Project("{FAE04EC0-301F-11D3-BF4B-00C04F79EFBC}") = "Unity.Collections.Editor", "Unity.Collections.Editor.csproj", "{9915ABCB-8155-511F-7CAE-8E34EC880634}"
EndProject
Global
	GlobalSection(SolutionConfigurationPlatforms) = preSolution
		Debug|Any CPU = Debug|Any CPU
		Release|Any CPU = Release|Any CPU
	EndGlobalSection
	GlobalSection(ProjectConfigurationPlatforms) = postSolution
		{5DC67C31-D64F-4D6F-B04C-687B05A86C96}.Debug|Any CPU.ActiveCfg = Debug|Any CPU
		{5DC67C31-D64F-4D6F-B04C-687B05A86C96}.Debug|Any CPU.Build.0 = Debug|Any CPU
		{5DC67C31-D64F-4D6F-B04C-687B05A86C96}.Release|Any CPU.ActiveCfg = Release|Any CPU
		{5DC67C31-D64F-4D6F-B04C-687B05A86C96}.Release|Any CPU.Build.0 = Release|Any CPU
		{6C68C065-C817-A253-091F-3C257B12EDB1}.Debug|Any CPU.ActiveCfg = Debug|Any CPU
		{6C68C065-C817-A253-091F-3C257B12EDB1}.Debug|Any CPU.Build.0 = Debug|Any CPU
		{6C68C065-C817-A253-091F-3C257B12EDB1}.Release|Any CPU.ActiveCfg = Release|Any CPU
		{6C68C065-C817-A253-091F-3C257B12EDB1}.Release|Any CPU.Build.0 = Release|Any CPU
		{69631931-EC42-C212-5A70-F7C31204A8D3}.Debug|Any CPU.ActiveCfg = Debug|Any CPU
		{69631931-EC42-C212-5A70-F7C31204A8D3}.Debug|Any CPU.Build.0 = Debug|Any CPU
		{69631931-EC42-C212-5A70-F7C31204A8D3}.Release|Any CPU.ActiveCfg = Release|Any CPU
		{69631931-EC42-C212-5A70-F7C31204A8D3}.Release|Any CPU.Build.0 = Release|Any CPU
		{4EA72D44-4596-6ABC-A2AE-AC8CD630971F}.Debug|Any CPU.ActiveCfg = Debug|Any CPU
		{4EA72D44-4596-6ABC-A2AE-AC8CD630971F}.Debug|Any CPU.Build.0 = Debug|Any CPU
		{4EA72D44-4596-6ABC-A2AE-AC8CD630971F}.Release|Any CPU.ActiveCfg = Release|Any CPU
		{4EA72D44-4596-6ABC-A2AE-AC8CD630971F}.Release|Any CPU.Build.0 = Release|Any CPU
		{6FC7B805-7BCD-5C55-C0E4-E5543EFD12FA}.Debug|Any CPU.ActiveCfg = Debug|Any CPU
		{6FC7B805-7BCD-5C55-C0E4-E5543EFD12FA}.Debug|Any CPU.Build.0 = Debug|Any CPU
		{6FC7B805-7BCD-5C55-C0E4-E5543EFD12FA}.Release|Any CPU.ActiveCfg = Release|Any CPU
		{6FC7B805-7BCD-5C55-C0E4-E5543EFD12FA}.Release|Any CPU.Build.0 = Release|Any CPU
		{3D49BEDA-A0E7-0159-7CA2-3908872B1109}.Debug|Any CPU.ActiveCfg = Debug|Any CPU
		{3D49BEDA-A0E7-0159-7CA2-3908872B1109}.Debug|Any CPU.Build.0 = Debug|Any CPU
		{3D49BEDA-A0E7-0159-7CA2-3908872B1109}.Release|Any CPU.ActiveCfg = Release|Any CPU
		{3D49BEDA-A0E7-0159-7CA2-3908872B1109}.Release|Any CPU.Build.0 = Release|Any CPU
		{55E413F3-B9F1-4F76-B989-1575893B06CE}.Debug|Any CPU.ActiveCfg = Debug|Any CPU
		{55E413F3-B9F1-4F76-B989-1575893B06CE}.Debug|Any CPU.Build.0 = Debug|Any CPU
		{55E413F3-B9F1-4F76-B989-1575893B06CE}.Release|Any CPU.ActiveCfg = Release|Any CPU
		{55E413F3-B9F1-4F76-B989-1575893B06CE}.Release|Any CPU.Build.0 = Release|Any CPU
		{5F76AED3-ADCA-5AE5-339A-D17279A8004E}.Debug|Any CPU.ActiveCfg = Debug|Any CPU
		{5F76AED3-ADCA-5AE5-339A-D17279A8004E}.Debug|Any CPU.Build.0 = Debug|Any CPU
		{5F76AED3-ADCA-5AE5-339A-D17279A8004E}.Release|Any CPU.ActiveCfg = Release|Any CPU
		{5F76AED3-ADCA-5AE5-339A-D17279A8004E}.Release|Any CPU.Build.0 = Release|Any CPU
		{36EE9981-9521-9E5E-053B-6FB72FAC729D}.Debug|Any CPU.ActiveCfg = Debug|Any CPU
		{36EE9981-9521-9E5E-053B-6FB72FAC729D}.Debug|Any CPU.Build.0 = Debug|Any CPU
		{36EE9981-9521-9E5E-053B-6FB72FAC729D}.Release|Any CPU.ActiveCfg = Release|Any CPU
		{36EE9981-9521-9E5E-053B-6FB72FAC729D}.Release|Any CPU.Build.0 = Release|Any CPU
		{3FBBD68A-934A-C244-991B-E99F78C25DF5}.Debug|Any CPU.ActiveCfg = Debug|Any CPU
		{3FBBD68A-934A-C244-991B-E99F78C25DF5}.Debug|Any CPU.Build.0 = Debug|Any CPU
		{3FBBD68A-934A-C244-991B-E99F78C25DF5}.Release|Any CPU.ActiveCfg = Release|Any CPU
		{3FBBD68A-934A-C244-991B-E99F78C25DF5}.Release|Any CPU.Build.0 = Release|Any CPU
		{3FD02F89-2115-776F-5CAD-724708BB6783}.Debug|Any CPU.ActiveCfg = Debug|Any CPU
		{3FD02F89-2115-776F-5CAD-724708BB6783}.Debug|Any CPU.Build.0 = Debug|Any CPU
		{3FD02F89-2115-776F-5CAD-724708BB6783}.Release|Any CPU.ActiveCfg = Release|Any CPU
		{3FD02F89-2115-776F-5CAD-724708BB6783}.Release|Any CPU.Build.0 = Release|Any CPU
		{7C96CAC3-4C4B-A626-F906-666D06C01C89}.Debug|Any CPU.ActiveCfg = Debug|Any CPU
		{7C96CAC3-4C4B-A626-F906-666D06C01C89}.Debug|Any CPU.Build.0 = Debug|Any CPU
		{7C96CAC3-4C4B-A626-F906-666D06C01C89}.Release|Any CPU.ActiveCfg = Release|Any CPU
		{7C96CAC3-4C4B-A626-F906-666D06C01C89}.Release|Any CPU.Build.0 = Release|Any CPU
		{E0C4B902-2717-9972-C67C-A61FEBCA8158}.Debug|Any CPU.ActiveCfg = Debug|Any CPU
		{E0C4B902-2717-9972-C67C-A61FEBCA8158}.Debug|Any CPU.Build.0 = Debug|Any CPU
		{E0C4B902-2717-9972-C67C-A61FEBCA8158}.Release|Any CPU.ActiveCfg = Release|Any CPU
		{E0C4B902-2717-9972-C67C-A61FEBCA8158}.Release|Any CPU.Build.0 = Release|Any CPU
		{D2EB3D1A-25D1-AED3-BB4A-FC62AF191F4C}.Debug|Any CPU.ActiveCfg = Debug|Any CPU
		{D2EB3D1A-25D1-AED3-BB4A-FC62AF191F4C}.Debug|Any CPU.Build.0 = Debug|Any CPU
		{D2EB3D1A-25D1-AED3-BB4A-FC62AF191F4C}.Release|Any CPU.ActiveCfg = Release|Any CPU
		{D2EB3D1A-25D1-AED3-BB4A-FC62AF191F4C}.Release|Any CPU.Build.0 = Release|Any CPU
		{AC90F8F1-0BCA-7EBF-0893-D736D5583EF5}.Debug|Any CPU.ActiveCfg = Debug|Any CPU
		{AC90F8F1-0BCA-7EBF-0893-D736D5583EF5}.Debug|Any CPU.Build.0 = Debug|Any CPU
		{AC90F8F1-0BCA-7EBF-0893-D736D5583EF5}.Release|Any CPU.ActiveCfg = Release|Any CPU
		{AC90F8F1-0BCA-7EBF-0893-D736D5583EF5}.Release|Any CPU.Build.0 = Release|Any CPU
		{D604B5C2-A4CE-9373-F3FE-887EEBBACA30}.Debug|Any CPU.ActiveCfg = Debug|Any CPU
		{D604B5C2-A4CE-9373-F3FE-887EEBBACA30}.Debug|Any CPU.Build.0 = Debug|Any CPU
		{D604B5C2-A4CE-9373-F3FE-887EEBBACA30}.Release|Any CPU.ActiveCfg = Release|Any CPU
		{D604B5C2-A4CE-9373-F3FE-887EEBBACA30}.Release|Any CPU.Build.0 = Release|Any CPU
		{EF3E8E2C-5594-2E9A-736C-C41D62410A98}.Debug|Any CPU.ActiveCfg = Debug|Any CPU
		{EF3E8E2C-5594-2E9A-736C-C41D62410A98}.Debug|Any CPU.Build.0 = Debug|Any CPU
		{EF3E8E2C-5594-2E9A-736C-C41D62410A98}.Release|Any CPU.ActiveCfg = Release|Any CPU
		{EF3E8E2C-5594-2E9A-736C-C41D62410A98}.Release|Any CPU.Build.0 = Release|Any CPU
		{42CC937D-3720-AC34-782D-ACAB86031392}.Debug|Any CPU.ActiveCfg = Debug|Any CPU
		{42CC937D-3720-AC34-782D-ACAB86031392}.Debug|Any CPU.Build.0 = Debug|Any CPU
		{42CC937D-3720-AC34-782D-ACAB86031392}.Release|Any CPU.ActiveCfg = Release|Any CPU
		{42CC937D-3720-AC34-782D-ACAB86031392}.Release|Any CPU.Build.0 = Release|Any CPU
		{D06204E1-2122-02B6-BA58-C3E4E585315F}.Debug|Any CPU.ActiveCfg = Debug|Any CPU
		{D06204E1-2122-02B6-BA58-C3E4E585315F}.Debug|Any CPU.Build.0 = Debug|Any CPU
		{D06204E1-2122-02B6-BA58-C3E4E585315F}.Release|Any CPU.ActiveCfg = Release|Any CPU
		{D06204E1-2122-02B6-BA58-C3E4E585315F}.Release|Any CPU.Build.0 = Release|Any CPU
		{DB3559E7-C650-9831-E875-904A16A736E8}.Debug|Any CPU.ActiveCfg = Debug|Any CPU
		{DB3559E7-C650-9831-E875-904A16A736E8}.Debug|Any CPU.Build.0 = Debug|Any CPU
		{DB3559E7-C650-9831-E875-904A16A736E8}.Release|Any CPU.ActiveCfg = Release|Any CPU
		{DB3559E7-C650-9831-E875-904A16A736E8}.Release|Any CPU.Build.0 = Release|Any CPU
		{5634D37D-E06C-DA64-72C9-9D7745ABAFE1}.Debug|Any CPU.ActiveCfg = Debug|Any CPU
		{5634D37D-E06C-DA64-72C9-9D7745ABAFE1}.Debug|Any CPU.Build.0 = Debug|Any CPU
		{5634D37D-E06C-DA64-72C9-9D7745ABAFE1}.Release|Any CPU.ActiveCfg = Release|Any CPU
		{5634D37D-E06C-DA64-72C9-9D7745ABAFE1}.Release|Any CPU.Build.0 = Release|Any CPU
		{1455944C-C099-E631-0D63-8FE7552FAC6F}.Debug|Any CPU.ActiveCfg = Debug|Any CPU
		{1455944C-C099-E631-0D63-8FE7552FAC6F}.Debug|Any CPU.Build.0 = Debug|Any CPU
		{1455944C-C099-E631-0D63-8FE7552FAC6F}.Release|Any CPU.ActiveCfg = Release|Any CPU
		{1455944C-C099-E631-0D63-8FE7552FAC6F}.Release|Any CPU.Build.0 = Release|Any CPU
		{2B5EC30D-430A-267A-E044-B84488547CB1}.Debug|Any CPU.ActiveCfg = Debug|Any CPU
		{2B5EC30D-430A-267A-E044-B84488547CB1}.Debug|Any CPU.Build.0 = Debug|Any CPU
		{2B5EC30D-430A-267A-E044-B84488547CB1}.Release|Any CPU.ActiveCfg = Release|Any CPU
		{2B5EC30D-430A-267A-E044-B84488547CB1}.Release|Any CPU.Build.0 = Release|Any CPU
		{0400323C-F1BA-85D7-9E5B-178EC758D99B}.Debug|Any CPU.ActiveCfg = Debug|Any CPU
		{0400323C-F1BA-85D7-9E5B-178EC758D99B}.Debug|Any CPU.Build.0 = Debug|Any CPU
		{0400323C-F1BA-85D7-9E5B-178EC758D99B}.Release|Any CPU.ActiveCfg = Release|Any CPU
		{0400323C-F1BA-85D7-9E5B-178EC758D99B}.Release|Any CPU.Build.0 = Release|Any CPU
		{08CD3AF0-17ED-CE48-D185-9265996DC0DB}.Debug|Any CPU.ActiveCfg = Debug|Any CPU
		{08CD3AF0-17ED-CE48-D185-9265996DC0DB}.Debug|Any CPU.Build.0 = Debug|Any CPU
		{08CD3AF0-17ED-CE48-D185-9265996DC0DB}.Release|Any CPU.ActiveCfg = Release|Any CPU
		{08CD3AF0-17ED-CE48-D185-9265996DC0DB}.Release|Any CPU.Build.0 = Release|Any CPU
		{3C5A4DE8-A944-7F62-0BFE-C6F2912F1089}.Debug|Any CPU.ActiveCfg = Debug|Any CPU
		{3C5A4DE8-A944-7F62-0BFE-C6F2912F1089}.Debug|Any CPU.Build.0 = Debug|Any CPU
		{3C5A4DE8-A944-7F62-0BFE-C6F2912F1089}.Release|Any CPU.ActiveCfg = Release|Any CPU
		{3C5A4DE8-A944-7F62-0BFE-C6F2912F1089}.Release|Any CPU.Build.0 = Release|Any CPU
		{7550826C-F4A1-E025-EE72-A249E5AC2F33}.Debug|Any CPU.ActiveCfg = Debug|Any CPU
		{7550826C-F4A1-E025-EE72-A249E5AC2F33}.Debug|Any CPU.Build.0 = Debug|Any CPU
		{7550826C-F4A1-E025-EE72-A249E5AC2F33}.Release|Any CPU.ActiveCfg = Release|Any CPU
		{7550826C-F4A1-E025-EE72-A249E5AC2F33}.Release|Any CPU.Build.0 = Release|Any CPU
		{9B1810F8-410A-76B0-1882-F97AE950E5E8}.Debug|Any CPU.ActiveCfg = Debug|Any CPU
		{9B1810F8-410A-76B0-1882-F97AE950E5E8}.Debug|Any CPU.Build.0 = Debug|Any CPU
		{9B1810F8-410A-76B0-1882-F97AE950E5E8}.Release|Any CPU.ActiveCfg = Release|Any CPU
		{9B1810F8-410A-76B0-1882-F97AE950E5E8}.Release|Any CPU.Build.0 = Release|Any CPU
		{4F3F9380-91B3-4E50-1FDF-2638B569BCE1}.Debug|Any CPU.ActiveCfg = Debug|Any CPU
		{4F3F9380-91B3-4E50-1FDF-2638B569BCE1}.Debug|Any CPU.Build.0 = Debug|Any CPU
		{4F3F9380-91B3-4E50-1FDF-2638B569BCE1}.Release|Any CPU.ActiveCfg = Release|Any CPU
		{4F3F9380-91B3-4E50-1FDF-2638B569BCE1}.Release|Any CPU.Build.0 = Release|Any CPU
		{E1EB89E6-5628-F1D8-7577-BDEC5DDFE976}.Debug|Any CPU.ActiveCfg = Debug|Any CPU
		{E1EB89E6-5628-F1D8-7577-BDEC5DDFE976}.Debug|Any CPU.Build.0 = Debug|Any CPU
		{E1EB89E6-5628-F1D8-7577-BDEC5DDFE976}.Release|Any CPU.ActiveCfg = Release|Any CPU
		{E1EB89E6-5628-F1D8-7577-BDEC5DDFE976}.Release|Any CPU.Build.0 = Release|Any CPU
		{D7522D80-C1D7-4862-7439-80226905343D}.Debug|Any CPU.ActiveCfg = Debug|Any CPU
		{D7522D80-C1D7-4862-7439-80226905343D}.Debug|Any CPU.Build.0 = Debug|Any CPU
		{D7522D80-C1D7-4862-7439-80226905343D}.Release|Any CPU.ActiveCfg = Release|Any CPU
		{D7522D80-C1D7-4862-7439-80226905343D}.Release|Any CPU.Build.0 = Release|Any CPU
		{ABB49C89-31AA-E218-01B2-B8CB095F4B68}.Debug|Any CPU.ActiveCfg = Debug|Any CPU
		{ABB49C89-31AA-E218-01B2-B8CB095F4B68}.Debug|Any CPU.Build.0 = Debug|Any CPU
		{ABB49C89-31AA-E218-01B2-B8CB095F4B68}.Release|Any CPU.ActiveCfg = Release|Any CPU
		{ABB49C89-31AA-E218-01B2-B8CB095F4B68}.Release|Any CPU.Build.0 = Release|Any CPU
		{F66D34D5-6D5A-99FD-5223-974DC754FBE1}.Debug|Any CPU.ActiveCfg = Debug|Any CPU
		{F66D34D5-6D5A-99FD-5223-974DC754FBE1}.Debug|Any CPU.Build.0 = Debug|Any CPU
		{F66D34D5-6D5A-99FD-5223-974DC754FBE1}.Release|Any CPU.ActiveCfg = Release|Any CPU
		{F66D34D5-6D5A-99FD-5223-974DC754FBE1}.Release|Any CPU.Build.0 = Release|Any CPU
		{BCC63899-E26B-5572-8BF1-26F0030EA041}.Debug|Any CPU.ActiveCfg = Debug|Any CPU
		{BCC63899-E26B-5572-8BF1-26F0030EA041}.Debug|Any CPU.Build.0 = Debug|Any CPU
		{BCC63899-E26B-5572-8BF1-26F0030EA041}.Release|Any CPU.ActiveCfg = Release|Any CPU
		{BCC63899-E26B-5572-8BF1-26F0030EA041}.Release|Any CPU.Build.0 = Release|Any CPU
		{708D798B-A294-F2DB-ECA0-513AC7CE8DC8}.Debug|Any CPU.ActiveCfg = Debug|Any CPU
		{708D798B-A294-F2DB-ECA0-513AC7CE8DC8}.Debug|Any CPU.Build.0 = Debug|Any CPU
		{708D798B-A294-F2DB-ECA0-513AC7CE8DC8}.Release|Any CPU.ActiveCfg = Release|Any CPU
		{708D798B-A294-F2DB-ECA0-513AC7CE8DC8}.Release|Any CPU.Build.0 = Release|Any CPU
		{45ED5076-21C5-86E9-ABC2-74B95E7C8354}.Debug|Any CPU.ActiveCfg = Debug|Any CPU
		{45ED5076-21C5-86E9-ABC2-74B95E7C8354}.Debug|Any CPU.Build.0 = Debug|Any CPU
		{45ED5076-21C5-86E9-ABC2-74B95E7C8354}.Release|Any CPU.ActiveCfg = Release|Any CPU
		{45ED5076-21C5-86E9-ABC2-74B95E7C8354}.Release|Any CPU.Build.0 = Release|Any CPU
		{6DD80582-E1F5-7621-56ED-4D8D5021BAAC}.Debug|Any CPU.ActiveCfg = Debug|Any CPU
		{6DD80582-E1F5-7621-56ED-4D8D5021BAAC}.Debug|Any CPU.Build.0 = Debug|Any CPU
		{6DD80582-E1F5-7621-56ED-4D8D5021BAAC}.Release|Any CPU.ActiveCfg = Release|Any CPU
		{6DD80582-E1F5-7621-56ED-4D8D5021BAAC}.Release|Any CPU.Build.0 = Release|Any CPU
		{80A32176-E802-AD8A-0FED-9CD11317BD66}.Debug|Any CPU.ActiveCfg = Debug|Any CPU
		{80A32176-E802-AD8A-0FED-9CD11317BD66}.Debug|Any CPU.Build.0 = Debug|Any CPU
		{80A32176-E802-AD8A-0FED-9CD11317BD66}.Release|Any CPU.ActiveCfg = Release|Any CPU
		{80A32176-E802-AD8A-0FED-9CD11317BD66}.Release|Any CPU.Build.0 = Release|Any CPU
		{6E48F0D2-139E-7215-8134-9D10C0F47C27}.Debug|Any CPU.ActiveCfg = Debug|Any CPU
		{6E48F0D2-139E-7215-8134-9D10C0F47C27}.Debug|Any CPU.Build.0 = Debug|Any CPU
		{6E48F0D2-139E-7215-8134-9D10C0F47C27}.Release|Any CPU.ActiveCfg = Release|Any CPU
		{6E48F0D2-139E-7215-8134-9D10C0F47C27}.Release|Any CPU.Build.0 = Release|Any CPU
		{50C97F73-5E3A-ABDA-703E-1A147FAB8EB1}.Debug|Any CPU.ActiveCfg = Debug|Any CPU
		{50C97F73-5E3A-ABDA-703E-1A147FAB8EB1}.Debug|Any CPU.Build.0 = Debug|Any CPU
		{50C97F73-5E3A-ABDA-703E-1A147FAB8EB1}.Release|Any CPU.ActiveCfg = Release|Any CPU
		{50C97F73-5E3A-ABDA-703E-1A147FAB8EB1}.Release|Any CPU.Build.0 = Release|Any CPU
		{7669A8A3-2C77-FE0C-E6A6-3E206BDD4113}.Debug|Any CPU.ActiveCfg = Debug|Any CPU
		{7669A8A3-2C77-FE0C-E6A6-3E206BDD4113}.Debug|Any CPU.Build.0 = Debug|Any CPU
		{7669A8A3-2C77-FE0C-E6A6-3E206BDD4113}.Release|Any CPU.ActiveCfg = Release|Any CPU
		{7669A8A3-2C77-FE0C-E6A6-3E206BDD4113}.Release|Any CPU.Build.0 = Release|Any CPU
		{FBC27DE7-CB5A-9783-037C-F6CE48B1C574}.Debug|Any CPU.ActiveCfg = Debug|Any CPU
		{FBC27DE7-CB5A-9783-037C-F6CE48B1C574}.Debug|Any CPU.Build.0 = Debug|Any CPU
		{FBC27DE7-CB5A-9783-037C-F6CE48B1C574}.Release|Any CPU.ActiveCfg = Release|Any CPU
		{FBC27DE7-CB5A-9783-037C-F6CE48B1C574}.Release|Any CPU.Build.0 = Release|Any CPU
		{EE4B8874-16BD-4298-F28A-7F6CF815B3D8}.Debug|Any CPU.ActiveCfg = Debug|Any CPU
		{EE4B8874-16BD-4298-F28A-7F6CF815B3D8}.Debug|Any CPU.Build.0 = Debug|Any CPU
		{EE4B8874-16BD-4298-F28A-7F6CF815B3D8}.Release|Any CPU.ActiveCfg = Release|Any CPU
		{EE4B8874-16BD-4298-F28A-7F6CF815B3D8}.Release|Any CPU.Build.0 = Release|Any CPU
		{9CD30232-F18C-AEAF-F4A1-C8788D29C07E}.Debug|Any CPU.ActiveCfg = Debug|Any CPU
		{9CD30232-F18C-AEAF-F4A1-C8788D29C07E}.Debug|Any CPU.Build.0 = Debug|Any CPU
		{9CD30232-F18C-AEAF-F4A1-C8788D29C07E}.Release|Any CPU.ActiveCfg = Release|Any CPU
		{9CD30232-F18C-AEAF-F4A1-C8788D29C07E}.Release|Any CPU.Build.0 = Release|Any CPU
		{BCA61AC9-D352-D412-8D8D-9C10570B5669}.Debug|Any CPU.ActiveCfg = Debug|Any CPU
		{BCA61AC9-D352-D412-8D8D-9C10570B5669}.Debug|Any CPU.Build.0 = Debug|Any CPU
		{BCA61AC9-D352-D412-8D8D-9C10570B5669}.Release|Any CPU.ActiveCfg = Release|Any CPU
		{BCA61AC9-D352-D412-8D8D-9C10570B5669}.Release|Any CPU.Build.0 = Release|Any CPU
		{219D59F4-35FA-80B5-EC6F-F4779EE9AD4D}.Debug|Any CPU.ActiveCfg = Debug|Any CPU
		{219D59F4-35FA-80B5-EC6F-F4779EE9AD4D}.Debug|Any CPU.Build.0 = Debug|Any CPU
		{219D59F4-35FA-80B5-EC6F-F4779EE9AD4D}.Release|Any CPU.ActiveCfg = Release|Any CPU
		{219D59F4-35FA-80B5-EC6F-F4779EE9AD4D}.Release|Any CPU.Build.0 = Release|Any CPU
		{B5732B85-16B2-FAB9-3B85-C6B0273831C9}.Debug|Any CPU.ActiveCfg = Debug|Any CPU
		{B5732B85-16B2-FAB9-3B85-C6B0273831C9}.Debug|Any CPU.Build.0 = Debug|Any CPU
		{B5732B85-16B2-FAB9-3B85-C6B0273831C9}.Release|Any CPU.ActiveCfg = Release|Any CPU
		{B5732B85-16B2-FAB9-3B85-C6B0273831C9}.Release|Any CPU.Build.0 = Release|Any CPU
		{72A8EE7B-2B3E-F155-8B27-E5DDE94AAE28}.Debug|Any CPU.ActiveCfg = Debug|Any CPU
		{72A8EE7B-2B3E-F155-8B27-E5DDE94AAE28}.Debug|Any CPU.Build.0 = Debug|Any CPU
		{72A8EE7B-2B3E-F155-8B27-E5DDE94AAE28}.Release|Any CPU.ActiveCfg = Release|Any CPU
		{72A8EE7B-2B3E-F155-8B27-E5DDE94AAE28}.Release|Any CPU.Build.0 = Release|Any CPU
		{BC2F341A-C198-E9CD-0ACF-71092B6E9173}.Debug|Any CPU.ActiveCfg = Debug|Any CPU
		{BC2F341A-C198-E9CD-0ACF-71092B6E9173}.Debug|Any CPU.Build.0 = Debug|Any CPU
		{BC2F341A-C198-E9CD-0ACF-71092B6E9173}.Release|Any CPU.ActiveCfg = Release|Any CPU
		{BC2F341A-C198-E9CD-0ACF-71092B6E9173}.Release|Any CPU.Build.0 = Release|Any CPU
		{EBD11A76-15EE-1FB1-A1BF-37C56387DC8D}.Debug|Any CPU.ActiveCfg = Debug|Any CPU
		{EBD11A76-15EE-1FB1-A1BF-37C56387DC8D}.Debug|Any CPU.Build.0 = Debug|Any CPU
		{EBD11A76-15EE-1FB1-A1BF-37C56387DC8D}.Release|Any CPU.ActiveCfg = Release|Any CPU
		{EBD11A76-15EE-1FB1-A1BF-37C56387DC8D}.Release|Any CPU.Build.0 = Release|Any CPU
		{69E9CF44-B63C-F099-A111-03FB3824E8DF}.Debug|Any CPU.ActiveCfg = Debug|Any CPU
		{69E9CF44-B63C-F099-A111-03FB3824E8DF}.Debug|Any CPU.Build.0 = Debug|Any CPU
		{69E9CF44-B63C-F099-A111-03FB3824E8DF}.Release|Any CPU.ActiveCfg = Release|Any CPU
		{69E9CF44-B63C-F099-A111-03FB3824E8DF}.Release|Any CPU.Build.0 = Release|Any CPU
		{B42263FF-1499-9FBF-B286-76AC30E4CBA9}.Debug|Any CPU.ActiveCfg = Debug|Any CPU
		{B42263FF-1499-9FBF-B286-76AC30E4CBA9}.Debug|Any CPU.Build.0 = Debug|Any CPU
		{B42263FF-1499-9FBF-B286-76AC30E4CBA9}.Release|Any CPU.ActiveCfg = Release|Any CPU
		{B42263FF-1499-9FBF-B286-76AC30E4CBA9}.Release|Any CPU.Build.0 = Release|Any CPU
		{95C6E0E9-FE1C-E2D5-2F3B-E611105F8BB4}.Debug|Any CPU.ActiveCfg = Debug|Any CPU
		{95C6E0E9-FE1C-E2D5-2F3B-E611105F8BB4}.Debug|Any CPU.Build.0 = Debug|Any CPU
		{95C6E0E9-FE1C-E2D5-2F3B-E611105F8BB4}.Release|Any CPU.ActiveCfg = Release|Any CPU
		{95C6E0E9-FE1C-E2D5-2F3B-E611105F8BB4}.Release|Any CPU.Build.0 = Release|Any CPU
		{DB25BF56-DEC1-45FD-453B-1FF62574A7BB}.Debug|Any CPU.ActiveCfg = Debug|Any CPU
		{DB25BF56-DEC1-45FD-453B-1FF62574A7BB}.Debug|Any CPU.Build.0 = Debug|Any CPU
		{DB25BF56-DEC1-45FD-453B-1FF62574A7BB}.Release|Any CPU.ActiveCfg = Release|Any CPU
		{DB25BF56-DEC1-45FD-453B-1FF62574A7BB}.Release|Any CPU.Build.0 = Release|Any CPU
		{6120EE6F-9EAC-5A3A-B592-4CD06E5B4DF2}.Debug|Any CPU.ActiveCfg = Debug|Any CPU
		{6120EE6F-9EAC-5A3A-B592-4CD06E5B4DF2}.Debug|Any CPU.Build.0 = Debug|Any CPU
		{6120EE6F-9EAC-5A3A-B592-4CD06E5B4DF2}.Release|Any CPU.ActiveCfg = Release|Any CPU
		{6120EE6F-9EAC-5A3A-B592-4CD06E5B4DF2}.Release|Any CPU.Build.0 = Release|Any CPU
		{9F434C44-6693-55F3-2DE6-0CD4FA41A6B2}.Debug|Any CPU.ActiveCfg = Debug|Any CPU
		{9F434C44-6693-55F3-2DE6-0CD4FA41A6B2}.Debug|Any CPU.Build.0 = Debug|Any CPU
		{9F434C44-6693-55F3-2DE6-0CD4FA41A6B2}.Release|Any CPU.ActiveCfg = Release|Any CPU
		{9F434C44-6693-55F3-2DE6-0CD4FA41A6B2}.Release|Any CPU.Build.0 = Release|Any CPU
		{15E2AE2C-EE56-6831-6E83-0C22CCE80454}.Debug|Any CPU.ActiveCfg = Debug|Any CPU
		{15E2AE2C-EE56-6831-6E83-0C22CCE80454}.Debug|Any CPU.Build.0 = Debug|Any CPU
		{15E2AE2C-EE56-6831-6E83-0C22CCE80454}.Release|Any CPU.ActiveCfg = Release|Any CPU
		{15E2AE2C-EE56-6831-6E83-0C22CCE80454}.Release|Any CPU.Build.0 = Release|Any CPU
		{3EFBFD32-9317-356D-1829-201AAF86B9EC}.Debug|Any CPU.ActiveCfg = Debug|Any CPU
		{3EFBFD32-9317-356D-1829-201AAF86B9EC}.Debug|Any CPU.Build.0 = Debug|Any CPU
		{3EFBFD32-9317-356D-1829-201AAF86B9EC}.Release|Any CPU.ActiveCfg = Release|Any CPU
		{3EFBFD32-9317-356D-1829-201AAF86B9EC}.Release|Any CPU.Build.0 = Release|Any CPU
		{A8A823FE-F8E8-5AF9-8157-054C46A63CC8}.Debug|Any CPU.ActiveCfg = Debug|Any CPU
		{A8A823FE-F8E8-5AF9-8157-054C46A63CC8}.Debug|Any CPU.Build.0 = Debug|Any CPU
		{A8A823FE-F8E8-5AF9-8157-054C46A63CC8}.Release|Any CPU.ActiveCfg = Release|Any CPU
		{A8A823FE-F8E8-5AF9-8157-054C46A63CC8}.Release|Any CPU.Build.0 = Release|Any CPU
		{3988A61E-45A6-8AC7-D822-CA9C4E050D88}.Debug|Any CPU.ActiveCfg = Debug|Any CPU
		{3988A61E-45A6-8AC7-D822-CA9C4E050D88}.Debug|Any CPU.Build.0 = Debug|Any CPU
		{3988A61E-45A6-8AC7-D822-CA9C4E050D88}.Release|Any CPU.ActiveCfg = Release|Any CPU
		{3988A61E-45A6-8AC7-D822-CA9C4E050D88}.Release|Any CPU.Build.0 = Release|Any CPU
		{8054B872-1B82-5AD9-782D-94F9F73A1E8A}.Debug|Any CPU.ActiveCfg = Debug|Any CPU
		{8054B872-1B82-5AD9-782D-94F9F73A1E8A}.Debug|Any CPU.Build.0 = Debug|Any CPU
		{8054B872-1B82-5AD9-782D-94F9F73A1E8A}.Release|Any CPU.ActiveCfg = Release|Any CPU
		{8054B872-1B82-5AD9-782D-94F9F73A1E8A}.Release|Any CPU.Build.0 = Release|Any CPU
		{B18B0F28-24CF-586B-4775-E46CAA0C4ED3}.Debug|Any CPU.ActiveCfg = Debug|Any CPU
		{B18B0F28-24CF-586B-4775-E46CAA0C4ED3}.Debug|Any CPU.Build.0 = Debug|Any CPU
		{B18B0F28-24CF-586B-4775-E46CAA0C4ED3}.Release|Any CPU.ActiveCfg = Release|Any CPU
		{B18B0F28-24CF-586B-4775-E46CAA0C4ED3}.Release|Any CPU.Build.0 = Release|Any CPU
		{538CCC5D-03DD-AA43-DD42-10F874DAA838}.Debug|Any CPU.ActiveCfg = Debug|Any CPU
		{538CCC5D-03DD-AA43-DD42-10F874DAA838}.Debug|Any CPU.Build.0 = Debug|Any CPU
		{538CCC5D-03DD-AA43-DD42-10F874DAA838}.Release|Any CPU.ActiveCfg = Release|Any CPU
		{538CCC5D-03DD-AA43-DD42-10F874DAA838}.Release|Any CPU.Build.0 = Release|Any CPU
		{1F5BC6DF-25E3-25A6-30A8-BB7C3720D875}.Debug|Any CPU.ActiveCfg = Debug|Any CPU
		{1F5BC6DF-25E3-25A6-30A8-BB7C3720D875}.Debug|Any CPU.Build.0 = Debug|Any CPU
		{1F5BC6DF-25E3-25A6-30A8-BB7C3720D875}.Release|Any CPU.ActiveCfg = Release|Any CPU
		{1F5BC6DF-25E3-25A6-30A8-BB7C3720D875}.Release|Any CPU.Build.0 = Release|Any CPU
		{2897FCCB-A293-4C0C-AF5B-66381ED0A787}.Debug|Any CPU.ActiveCfg = Debug|Any CPU
		{2897FCCB-A293-4C0C-AF5B-66381ED0A787}.Debug|Any CPU.Build.0 = Debug|Any CPU
		{2897FCCB-A293-4C0C-AF5B-66381ED0A787}.Release|Any CPU.ActiveCfg = Release|Any CPU
		{2897FCCB-A293-4C0C-AF5B-66381ED0A787}.Release|Any CPU.Build.0 = Release|Any CPU
		{5F09C9FE-3C83-2FD3-EA91-6CFD9D3581A3}.Debug|Any CPU.ActiveCfg = Debug|Any CPU
		{5F09C9FE-3C83-2FD3-EA91-6CFD9D3581A3}.Debug|Any CPU.Build.0 = Debug|Any CPU
		{5F09C9FE-3C83-2FD3-EA91-6CFD9D3581A3}.Release|Any CPU.ActiveCfg = Release|Any CPU
		{5F09C9FE-3C83-2FD3-EA91-6CFD9D3581A3}.Release|Any CPU.Build.0 = Release|Any CPU
		{64F4AD2B-AA37-A1FD-5A67-F20FF915D45B}.Debug|Any CPU.ActiveCfg = Debug|Any CPU
		{64F4AD2B-AA37-A1FD-5A67-F20FF915D45B}.Debug|Any CPU.Build.0 = Debug|Any CPU
		{64F4AD2B-AA37-A1FD-5A67-F20FF915D45B}.Release|Any CPU.ActiveCfg = Release|Any CPU
		{64F4AD2B-AA37-A1FD-5A67-F20FF915D45B}.Release|Any CPU.Build.0 = Release|Any CPU
		{6918DB09-3BE0-A044-10B2-F525DF29FB62}.Debug|Any CPU.ActiveCfg = Debug|Any CPU
		{6918DB09-3BE0-A044-10B2-F525DF29FB62}.Debug|Any CPU.Build.0 = Debug|Any CPU
		{6918DB09-3BE0-A044-10B2-F525DF29FB62}.Release|Any CPU.ActiveCfg = Release|Any CPU
		{6918DB09-3BE0-A044-10B2-F525DF29FB62}.Release|Any CPU.Build.0 = Release|Any CPU
		{265E2F4F-3178-88FF-8003-E4666C72E852}.Debug|Any CPU.ActiveCfg = Debug|Any CPU
		{265E2F4F-3178-88FF-8003-E4666C72E852}.Debug|Any CPU.Build.0 = Debug|Any CPU
		{265E2F4F-3178-88FF-8003-E4666C72E852}.Release|Any CPU.ActiveCfg = Release|Any CPU
		{265E2F4F-3178-88FF-8003-E4666C72E852}.Release|Any CPU.Build.0 = Release|Any CPU
		{CC9BC213-15DE-94B8-AA57-2C38C89C43F1}.Debug|Any CPU.ActiveCfg = Debug|Any CPU
		{CC9BC213-15DE-94B8-AA57-2C38C89C43F1}.Debug|Any CPU.Build.0 = Debug|Any CPU
		{CC9BC213-15DE-94B8-AA57-2C38C89C43F1}.Release|Any CPU.ActiveCfg = Release|Any CPU
		{CC9BC213-15DE-94B8-AA57-2C38C89C43F1}.Release|Any CPU.Build.0 = Release|Any CPU
		{9575C008-C3E8-DA18-AB3F-74C5BCF2B717}.Debug|Any CPU.ActiveCfg = Debug|Any CPU
		{9575C008-C3E8-DA18-AB3F-74C5BCF2B717}.Debug|Any CPU.Build.0 = Debug|Any CPU
		{9575C008-C3E8-DA18-AB3F-74C5BCF2B717}.Release|Any CPU.ActiveCfg = Release|Any CPU
		{9575C008-C3E8-DA18-AB3F-74C5BCF2B717}.Release|Any CPU.Build.0 = Release|Any CPU
		{B2B688ED-4E41-D69B-3CED-02A80F6195B7}.Debug|Any CPU.ActiveCfg = Debug|Any CPU
		{B2B688ED-4E41-D69B-3CED-02A80F6195B7}.Debug|Any CPU.Build.0 = Debug|Any CPU
		{B2B688ED-4E41-D69B-3CED-02A80F6195B7}.Release|Any CPU.ActiveCfg = Release|Any CPU
		{B2B688ED-4E41-D69B-3CED-02A80F6195B7}.Release|Any CPU.Build.0 = Release|Any CPU
		{73D30445-700F-A401-18C8-2E483BB80220}.Debug|Any CPU.ActiveCfg = Debug|Any CPU
		{73D30445-700F-A401-18C8-2E483BB80220}.Debug|Any CPU.Build.0 = Debug|Any CPU
		{73D30445-700F-A401-18C8-2E483BB80220}.Release|Any CPU.ActiveCfg = Release|Any CPU
		{73D30445-700F-A401-18C8-2E483BB80220}.Release|Any CPU.Build.0 = Release|Any CPU
		{2F990211-6608-96B5-31DD-027B15D8D979}.Debug|Any CPU.ActiveCfg = Debug|Any CPU
		{2F990211-6608-96B5-31DD-027B15D8D979}.Debug|Any CPU.Build.0 = Debug|Any CPU
		{2F990211-6608-96B5-31DD-027B15D8D979}.Release|Any CPU.ActiveCfg = Release|Any CPU
		{2F990211-6608-96B5-31DD-027B15D8D979}.Release|Any CPU.Build.0 = Release|Any CPU
		{9652157C-F818-3803-EC63-F849635A24AB}.Debug|Any CPU.ActiveCfg = Debug|Any CPU
		{9652157C-F818-3803-EC63-F849635A24AB}.Debug|Any CPU.Build.0 = Debug|Any CPU
		{9652157C-F818-3803-EC63-F849635A24AB}.Release|Any CPU.ActiveCfg = Release|Any CPU
		{9652157C-F818-3803-EC63-F849635A24AB}.Release|Any CPU.Build.0 = Release|Any CPU
		{0D8D4228-96FD-5BB6-4ABC-8BDE600BC752}.Debug|Any CPU.ActiveCfg = Debug|Any CPU
		{0D8D4228-96FD-5BB6-4ABC-8BDE600BC752}.Debug|Any CPU.Build.0 = Debug|Any CPU
		{0D8D4228-96FD-5BB6-4ABC-8BDE600BC752}.Release|Any CPU.ActiveCfg = Release|Any CPU
		{0D8D4228-96FD-5BB6-4ABC-8BDE600BC752}.Release|Any CPU.Build.0 = Release|Any CPU
		{1A63AC6E-6E3B-961B-286C-0CD615098662}.Debug|Any CPU.ActiveCfg = Debug|Any CPU
		{1A63AC6E-6E3B-961B-286C-0CD615098662}.Debug|Any CPU.Build.0 = Debug|Any CPU
		{1A63AC6E-6E3B-961B-286C-0CD615098662}.Release|Any CPU.ActiveCfg = Release|Any CPU
		{1A63AC6E-6E3B-961B-286C-0CD615098662}.Release|Any CPU.Build.0 = Release|Any CPU
		{16D91624-D01C-D1E7-D21C-36A60E9A460E}.Debug|Any CPU.ActiveCfg = Debug|Any CPU
		{16D91624-D01C-D1E7-D21C-36A60E9A460E}.Debug|Any CPU.Build.0 = Debug|Any CPU
		{16D91624-D01C-D1E7-D21C-36A60E9A460E}.Release|Any CPU.ActiveCfg = Release|Any CPU
		{16D91624-D01C-D1E7-D21C-36A60E9A460E}.Release|Any CPU.Build.0 = Release|Any CPU
		{BE0D15EB-965D-7748-2355-8B20DB877473}.Debug|Any CPU.ActiveCfg = Debug|Any CPU
		{BE0D15EB-965D-7748-2355-8B20DB877473}.Debug|Any CPU.Build.0 = Debug|Any CPU
		{BE0D15EB-965D-7748-2355-8B20DB877473}.Release|Any CPU.ActiveCfg = Release|Any CPU
		{BE0D15EB-965D-7748-2355-8B20DB877473}.Release|Any CPU.Build.0 = Release|Any CPU
		{0E120F80-6D74-BE81-8F61-E2AB9E6B1CFA}.Debug|Any CPU.ActiveCfg = Debug|Any CPU
		{0E120F80-6D74-BE81-8F61-E2AB9E6B1CFA}.Debug|Any CPU.Build.0 = Debug|Any CPU
		{0E120F80-6D74-BE81-8F61-E2AB9E6B1CFA}.Release|Any CPU.ActiveCfg = Release|Any CPU
		{0E120F80-6D74-BE81-8F61-E2AB9E6B1CFA}.Release|Any CPU.Build.0 = Release|Any CPU
		{6CDD4731-C647-4B18-993F-EA5562242678}.Debug|Any CPU.ActiveCfg = Debug|Any CPU
		{6CDD4731-C647-4B18-993F-EA5562242678}.Debug|Any CPU.Build.0 = Debug|Any CPU
		{6CDD4731-C647-4B18-993F-EA5562242678}.Release|Any CPU.ActiveCfg = Release|Any CPU
		{6CDD4731-C647-4B18-993F-EA5562242678}.Release|Any CPU.Build.0 = Release|Any CPU
		{9445EC86-55C4-1A3A-315F-DF558019A41A}.Debug|Any CPU.ActiveCfg = Debug|Any CPU
		{9445EC86-55C4-1A3A-315F-DF558019A41A}.Debug|Any CPU.Build.0 = Debug|Any CPU
		{9445EC86-55C4-1A3A-315F-DF558019A41A}.Release|Any CPU.ActiveCfg = Release|Any CPU
		{9445EC86-55C4-1A3A-315F-DF558019A41A}.Release|Any CPU.Build.0 = Release|Any CPU
		{6AC59395-3380-FE09-4A29-7A946ED0289B}.Debug|Any CPU.ActiveCfg = Debug|Any CPU
		{6AC59395-3380-FE09-4A29-7A946ED0289B}.Debug|Any CPU.Build.0 = Debug|Any CPU
		{6AC59395-3380-FE09-4A29-7A946ED0289B}.Release|Any CPU.ActiveCfg = Release|Any CPU
		{6AC59395-3380-FE09-4A29-7A946ED0289B}.Release|Any CPU.Build.0 = Release|Any CPU
		{ABBC4FDE-C337-7214-3460-EF1EC395492C}.Debug|Any CPU.ActiveCfg = Debug|Any CPU
		{ABBC4FDE-C337-7214-3460-EF1EC395492C}.Debug|Any CPU.Build.0 = Debug|Any CPU
		{ABBC4FDE-C337-7214-3460-EF1EC395492C}.Release|Any CPU.ActiveCfg = Release|Any CPU
		{ABBC4FDE-C337-7214-3460-EF1EC395492C}.Release|Any CPU.Build.0 = Release|Any CPU
		{A740F248-6058-775A-7FF3-7538A5E00AD7}.Debug|Any CPU.ActiveCfg = Debug|Any CPU
		{A740F248-6058-775A-7FF3-7538A5E00AD7}.Debug|Any CPU.Build.0 = Debug|Any CPU
		{A740F248-6058-775A-7FF3-7538A5E00AD7}.Release|Any CPU.ActiveCfg = Release|Any CPU
		{A740F248-6058-775A-7FF3-7538A5E00AD7}.Release|Any CPU.Build.0 = Release|Any CPU
		{1A738229-8527-58CB-F5ED-11896CA13B09}.Debug|Any CPU.ActiveCfg = Debug|Any CPU
		{1A738229-8527-58CB-F5ED-11896CA13B09}.Debug|Any CPU.Build.0 = Debug|Any CPU
		{1A738229-8527-58CB-F5ED-11896CA13B09}.Release|Any CPU.ActiveCfg = Release|Any CPU
		{1A738229-8527-58CB-F5ED-11896CA13B09}.Release|Any CPU.Build.0 = Release|Any CPU
		{597F3F37-0811-ABF3-BD5C-97C5F21E0CC6}.Debug|Any CPU.ActiveCfg = Debug|Any CPU
		{597F3F37-0811-ABF3-BD5C-97C5F21E0CC6}.Debug|Any CPU.Build.0 = Debug|Any CPU
		{597F3F37-0811-ABF3-BD5C-97C5F21E0CC6}.Release|Any CPU.ActiveCfg = Release|Any CPU
		{597F3F37-0811-ABF3-BD5C-97C5F21E0CC6}.Release|Any CPU.Build.0 = Release|Any CPU
		{D41E518C-FADF-4A44-D9A8-B833C738B9AF}.Debug|Any CPU.ActiveCfg = Debug|Any CPU
		{D41E518C-FADF-4A44-D9A8-B833C738B9AF}.Debug|Any CPU.Build.0 = Debug|Any CPU
		{D41E518C-FADF-4A44-D9A8-B833C738B9AF}.Release|Any CPU.ActiveCfg = Release|Any CPU
		{D41E518C-FADF-4A44-D9A8-B833C738B9AF}.Release|Any CPU.Build.0 = Release|Any CPU
		{9283A774-523B-3B9E-6D03-8687BAD3DD42}.Debug|Any CPU.ActiveCfg = Debug|Any CPU
		{9283A774-523B-3B9E-6D03-8687BAD3DD42}.Debug|Any CPU.Build.0 = Debug|Any CPU
		{9283A774-523B-3B9E-6D03-8687BAD3DD42}.Release|Any CPU.ActiveCfg = Release|Any CPU
		{9283A774-523B-3B9E-6D03-8687BAD3DD42}.Release|Any CPU.Build.0 = Release|Any CPU
		{132D960B-19EE-B7ED-4B1B-6C32D1AD9C19}.Debug|Any CPU.ActiveCfg = Debug|Any CPU
		{132D960B-19EE-B7ED-4B1B-6C32D1AD9C19}.Debug|Any CPU.Build.0 = Debug|Any CPU
		{132D960B-19EE-B7ED-4B1B-6C32D1AD9C19}.Release|Any CPU.ActiveCfg = Release|Any CPU
		{132D960B-19EE-B7ED-4B1B-6C32D1AD9C19}.Release|Any CPU.Build.0 = Release|Any CPU
		{C3852A9C-0812-B3F1-A5D3-DF87D589EF3D}.Debug|Any CPU.ActiveCfg = Debug|Any CPU
		{C3852A9C-0812-B3F1-A5D3-DF87D589EF3D}.Debug|Any CPU.Build.0 = Debug|Any CPU
		{C3852A9C-0812-B3F1-A5D3-DF87D589EF3D}.Release|Any CPU.ActiveCfg = Release|Any CPU
		{C3852A9C-0812-B3F1-A5D3-DF87D589EF3D}.Release|Any CPU.Build.0 = Release|Any CPU
		{BAD05B79-B8EB-2CEF-BD98-E1E5EE511694}.Debug|Any CPU.ActiveCfg = Debug|Any CPU
		{BAD05B79-B8EB-2CEF-BD98-E1E5EE511694}.Debug|Any CPU.Build.0 = Debug|Any CPU
		{BAD05B79-B8EB-2CEF-BD98-E1E5EE511694}.Release|Any CPU.ActiveCfg = Release|Any CPU
		{BAD05B79-B8EB-2CEF-BD98-E1E5EE511694}.Release|Any CPU.Build.0 = Release|Any CPU
		{58369957-19DB-0EF3-89F1-DF658BDE448C}.Debug|Any CPU.ActiveCfg = Debug|Any CPU
		{58369957-19DB-0EF3-89F1-DF658BDE448C}.Debug|Any CPU.Build.0 = Debug|Any CPU
		{58369957-19DB-0EF3-89F1-DF658BDE448C}.Release|Any CPU.ActiveCfg = Release|Any CPU
		{58369957-19DB-0EF3-89F1-DF658BDE448C}.Release|Any CPU.Build.0 = Release|Any CPU
		{285BD36A-80B6-00B7-DE61-C5373162809C}.Debug|Any CPU.ActiveCfg = Debug|Any CPU
		{285BD36A-80B6-00B7-DE61-C5373162809C}.Debug|Any CPU.Build.0 = Debug|Any CPU
		{285BD36A-80B6-00B7-DE61-C5373162809C}.Release|Any CPU.ActiveCfg = Release|Any CPU
		{285BD36A-80B6-00B7-DE61-C5373162809C}.Release|Any CPU.Build.0 = Release|Any CPU
		{779F41E6-960B-C1EF-8C2C-B90B5C7949B9}.Debug|Any CPU.ActiveCfg = Debug|Any CPU
		{779F41E6-960B-C1EF-8C2C-B90B5C7949B9}.Debug|Any CPU.Build.0 = Debug|Any CPU
		{779F41E6-960B-C1EF-8C2C-B90B5C7949B9}.Release|Any CPU.ActiveCfg = Release|Any CPU
		{779F41E6-960B-C1EF-8C2C-B90B5C7949B9}.Release|Any CPU.Build.0 = Release|Any CPU
		{2F0A7AD1-7BA9-C80A-1ECA-EF5DAAEF5836}.Debug|Any CPU.ActiveCfg = Debug|Any CPU
		{2F0A7AD1-7BA9-C80A-1ECA-EF5DAAEF5836}.Debug|Any CPU.Build.0 = Debug|Any CPU
		{2F0A7AD1-7BA9-C80A-1ECA-EF5DAAEF5836}.Release|Any CPU.ActiveCfg = Release|Any CPU
		{2F0A7AD1-7BA9-C80A-1ECA-EF5DAAEF5836}.Release|Any CPU.Build.0 = Release|Any CPU
		{5A4AE414-6740-6D44-53BD-CE850F8F88BD}.Debug|Any CPU.ActiveCfg = Debug|Any CPU
		{5A4AE414-6740-6D44-53BD-CE850F8F88BD}.Debug|Any CPU.Build.0 = Debug|Any CPU
		{5A4AE414-6740-6D44-53BD-CE850F8F88BD}.Release|Any CPU.ActiveCfg = Release|Any CPU
		{5A4AE414-6740-6D44-53BD-CE850F8F88BD}.Release|Any CPU.Build.0 = Release|Any CPU
		{AFB20205-4A07-AECC-7CF6-5B48D54F3518}.Debug|Any CPU.ActiveCfg = Debug|Any CPU
		{AFB20205-4A07-AECC-7CF6-5B48D54F3518}.Debug|Any CPU.Build.0 = Debug|Any CPU
		{AFB20205-4A07-AECC-7CF6-5B48D54F3518}.Release|Any CPU.ActiveCfg = Release|Any CPU
		{AFB20205-4A07-AECC-7CF6-5B48D54F3518}.Release|Any CPU.Build.0 = Release|Any CPU
		{BC86CCD9-6B43-BE95-F211-C8905BDFB249}.Debug|Any CPU.ActiveCfg = Debug|Any CPU
		{BC86CCD9-6B43-BE95-F211-C8905BDFB249}.Debug|Any CPU.Build.0 = Debug|Any CPU
		{BC86CCD9-6B43-BE95-F211-C8905BDFB249}.Release|Any CPU.ActiveCfg = Release|Any CPU
		{BC86CCD9-6B43-BE95-F211-C8905BDFB249}.Release|Any CPU.Build.0 = Release|Any CPU
		{6EB1A213-4070-D5E0-8EB9-3F15E1ECDF8C}.Debug|Any CPU.ActiveCfg = Debug|Any CPU
		{6EB1A213-4070-D5E0-8EB9-3F15E1ECDF8C}.Debug|Any CPU.Build.0 = Debug|Any CPU
		{6EB1A213-4070-D5E0-8EB9-3F15E1ECDF8C}.Release|Any CPU.ActiveCfg = Release|Any CPU
		{6EB1A213-4070-D5E0-8EB9-3F15E1ECDF8C}.Release|Any CPU.Build.0 = Release|Any CPU
		{64F8226C-8F69-4E5A-2EFD-3DAAA57C534D}.Debug|Any CPU.ActiveCfg = Debug|Any CPU
		{64F8226C-8F69-4E5A-2EFD-3DAAA57C534D}.Debug|Any CPU.Build.0 = Debug|Any CPU
		{64F8226C-8F69-4E5A-2EFD-3DAAA57C534D}.Release|Any CPU.ActiveCfg = Release|Any CPU
		{64F8226C-8F69-4E5A-2EFD-3DAAA57C534D}.Release|Any CPU.Build.0 = Release|Any CPU
		{CADBFFA5-E810-8D80-6275-CFB77B0E9572}.Debug|Any CPU.ActiveCfg = Debug|Any CPU
		{CADBFFA5-E810-8D80-6275-CFB77B0E9572}.Debug|Any CPU.Build.0 = Debug|Any CPU
		{CADBFFA5-E810-8D80-6275-CFB77B0E9572}.Release|Any CPU.ActiveCfg = Release|Any CPU
		{CADBFFA5-E810-8D80-6275-CFB77B0E9572}.Release|Any CPU.Build.0 = Release|Any CPU
		{5C2DAA33-3CD5-FA3F-39D2-6E0886B76984}.Debug|Any CPU.ActiveCfg = Debug|Any CPU
		{5C2DAA33-3CD5-FA3F-39D2-6E0886B76984}.Debug|Any CPU.Build.0 = Debug|Any CPU
		{5C2DAA33-3CD5-FA3F-39D2-6E0886B76984}.Release|Any CPU.ActiveCfg = Release|Any CPU
		{5C2DAA33-3CD5-FA3F-39D2-6E0886B76984}.Release|Any CPU.Build.0 = Release|Any CPU
		{961E4C65-2FE3-5731-7A16-88B86160B259}.Debug|Any CPU.ActiveCfg = Debug|Any CPU
		{961E4C65-2FE3-5731-7A16-88B86160B259}.Debug|Any CPU.Build.0 = Debug|Any CPU
		{961E4C65-2FE3-5731-7A16-88B86160B259}.Release|Any CPU.ActiveCfg = Release|Any CPU
		{961E4C65-2FE3-5731-7A16-88B86160B259}.Release|Any CPU.Build.0 = Release|Any CPU
		{2D945C26-5ED6-5E39-5652-8D8A3B10E773}.Debug|Any CPU.ActiveCfg = Debug|Any CPU
		{2D945C26-5ED6-5E39-5652-8D8A3B10E773}.Debug|Any CPU.Build.0 = Debug|Any CPU
		{2D945C26-5ED6-5E39-5652-8D8A3B10E773}.Release|Any CPU.ActiveCfg = Release|Any CPU
		{2D945C26-5ED6-5E39-5652-8D8A3B10E773}.Release|Any CPU.Build.0 = Release|Any CPU
		{F63ED6F8-4DF8-C884-3F3B-269579890B6B}.Debug|Any CPU.ActiveCfg = Debug|Any CPU
		{F63ED6F8-4DF8-C884-3F3B-269579890B6B}.Debug|Any CPU.Build.0 = Debug|Any CPU
		{F63ED6F8-4DF8-C884-3F3B-269579890B6B}.Release|Any CPU.ActiveCfg = Release|Any CPU
		{F63ED6F8-4DF8-C884-3F3B-269579890B6B}.Release|Any CPU.Build.0 = Release|Any CPU
		{EE538069-2D5A-2B6F-436F-139F668E5C5E}.Debug|Any CPU.ActiveCfg = Debug|Any CPU
		{EE538069-2D5A-2B6F-436F-139F668E5C5E}.Debug|Any CPU.Build.0 = Debug|Any CPU
		{EE538069-2D5A-2B6F-436F-139F668E5C5E}.Release|Any CPU.ActiveCfg = Release|Any CPU
		{EE538069-2D5A-2B6F-436F-139F668E5C5E}.Release|Any CPU.Build.0 = Release|Any CPU
		{1836D6AA-9642-9AB9-C005-6BC8550F10CF}.Debug|Any CPU.ActiveCfg = Debug|Any CPU
		{1836D6AA-9642-9AB9-C005-6BC8550F10CF}.Debug|Any CPU.Build.0 = Debug|Any CPU
		{1836D6AA-9642-9AB9-C005-6BC8550F10CF}.Release|Any CPU.ActiveCfg = Release|Any CPU
		{1836D6AA-9642-9AB9-C005-6BC8550F10CF}.Release|Any CPU.Build.0 = Release|Any CPU
		{7D437752-980A-2497-5AED-3BF5B9C18697}.Debug|Any CPU.ActiveCfg = Debug|Any CPU
		{7D437752-980A-2497-5AED-3BF5B9C18697}.Debug|Any CPU.Build.0 = Debug|Any CPU
		{7D437752-980A-2497-5AED-3BF5B9C18697}.Release|Any CPU.ActiveCfg = Release|Any CPU
		{7D437752-980A-2497-5AED-3BF5B9C18697}.Release|Any CPU.Build.0 = Release|Any CPU
		{05E03A46-D6D8-AB9D-22D7-B54C69A439C2}.Debug|Any CPU.ActiveCfg = Debug|Any CPU
		{05E03A46-D6D8-AB9D-22D7-B54C69A439C2}.Debug|Any CPU.Build.0 = Debug|Any CPU
		{05E03A46-D6D8-AB9D-22D7-B54C69A439C2}.Release|Any CPU.ActiveCfg = Release|Any CPU
		{05E03A46-D6D8-AB9D-22D7-B54C69A439C2}.Release|Any CPU.Build.0 = Release|Any CPU
		{57BA6324-6C0A-AB02-F816-7195DCDEE3A5}.Debug|Any CPU.ActiveCfg = Debug|Any CPU
		{57BA6324-6C0A-AB02-F816-7195DCDEE3A5}.Debug|Any CPU.Build.0 = Debug|Any CPU
		{57BA6324-6C0A-AB02-F816-7195DCDEE3A5}.Release|Any CPU.ActiveCfg = Release|Any CPU
		{57BA6324-6C0A-AB02-F816-7195DCDEE3A5}.Release|Any CPU.Build.0 = Release|Any CPU
		{1DF8ADF9-ABDB-BB20-AB17-772266F416D1}.Debug|Any CPU.ActiveCfg = Debug|Any CPU
		{1DF8ADF9-ABDB-BB20-AB17-772266F416D1}.Debug|Any CPU.Build.0 = Debug|Any CPU
		{1DF8ADF9-ABDB-BB20-AB17-772266F416D1}.Release|Any CPU.ActiveCfg = Release|Any CPU
		{1DF8ADF9-ABDB-BB20-AB17-772266F416D1}.Release|Any CPU.Build.0 = Release|Any CPU
		{5EF95D97-E871-3436-ED39-D89304437FCA}.Debug|Any CPU.ActiveCfg = Debug|Any CPU
		{5EF95D97-E871-3436-ED39-D89304437FCA}.Debug|Any CPU.Build.0 = Debug|Any CPU
		{5EF95D97-E871-3436-ED39-D89304437FCA}.Release|Any CPU.ActiveCfg = Release|Any CPU
		{5EF95D97-E871-3436-ED39-D89304437FCA}.Release|Any CPU.Build.0 = Release|Any CPU
		{7B168B1E-ECE8-369B-0C5C-AB1E711E0505}.Debug|Any CPU.ActiveCfg = Debug|Any CPU
		{7B168B1E-ECE8-369B-0C5C-AB1E711E0505}.Debug|Any CPU.Build.0 = Debug|Any CPU
		{7B168B1E-ECE8-369B-0C5C-AB1E711E0505}.Release|Any CPU.ActiveCfg = Release|Any CPU
		{7B168B1E-ECE8-369B-0C5C-AB1E711E0505}.Release|Any CPU.Build.0 = Release|Any CPU
		{A3163691-013A-98B6-84BB-91EDB56A5AA1}.Debug|Any CPU.ActiveCfg = Debug|Any CPU
		{A3163691-013A-98B6-84BB-91EDB56A5AA1}.Debug|Any CPU.Build.0 = Debug|Any CPU
		{A3163691-013A-98B6-84BB-91EDB56A5AA1}.Release|Any CPU.ActiveCfg = Release|Any CPU
		{A3163691-013A-98B6-84BB-91EDB56A5AA1}.Release|Any CPU.Build.0 = Release|Any CPU
		{140A13F5-10BB-10EC-5125-2F5AE87D4301}.Debug|Any CPU.ActiveCfg = Debug|Any CPU
		{140A13F5-10BB-10EC-5125-2F5AE87D4301}.Debug|Any CPU.Build.0 = Debug|Any CPU
		{140A13F5-10BB-10EC-5125-2F5AE87D4301}.Release|Any CPU.ActiveCfg = Release|Any CPU
		{140A13F5-10BB-10EC-5125-2F5AE87D4301}.Release|Any CPU.Build.0 = Release|Any CPU
		{3AAFB67B-F16B-BCF2-4654-25D43F055F1F}.Debug|Any CPU.ActiveCfg = Debug|Any CPU
		{3AAFB67B-F16B-BCF2-4654-25D43F055F1F}.Debug|Any CPU.Build.0 = Debug|Any CPU
		{3AAFB67B-F16B-BCF2-4654-25D43F055F1F}.Release|Any CPU.ActiveCfg = Release|Any CPU
		{3AAFB67B-F16B-BCF2-4654-25D43F055F1F}.Release|Any CPU.Build.0 = Release|Any CPU
		{549E046E-C432-55AB-7441-AAC88A218264}.Debug|Any CPU.ActiveCfg = Debug|Any CPU
		{549E046E-C432-55AB-7441-AAC88A218264}.Debug|Any CPU.Build.0 = Debug|Any CPU
		{549E046E-C432-55AB-7441-AAC88A218264}.Release|Any CPU.ActiveCfg = Release|Any CPU
		{549E046E-C432-55AB-7441-AAC88A218264}.Release|Any CPU.Build.0 = Release|Any CPU
		{263A38FA-3FF2-CEEA-E9AC-49ABFCEF0CC2}.Debug|Any CPU.ActiveCfg = Debug|Any CPU
		{263A38FA-3FF2-CEEA-E9AC-49ABFCEF0CC2}.Debug|Any CPU.Build.0 = Debug|Any CPU
		{263A38FA-3FF2-CEEA-E9AC-49ABFCEF0CC2}.Release|Any CPU.ActiveCfg = Release|Any CPU
		{263A38FA-3FF2-CEEA-E9AC-49ABFCEF0CC2}.Release|Any CPU.Build.0 = Release|Any CPU
		{C107C3AA-8310-A7A2-251F-B3EA044B66E7}.Debug|Any CPU.ActiveCfg = Debug|Any CPU
		{C107C3AA-8310-A7A2-251F-B3EA044B66E7}.Debug|Any CPU.Build.0 = Debug|Any CPU
		{C107C3AA-8310-A7A2-251F-B3EA044B66E7}.Release|Any CPU.ActiveCfg = Release|Any CPU
		{C107C3AA-8310-A7A2-251F-B3EA044B66E7}.Release|Any CPU.Build.0 = Release|Any CPU
		{5B290B03-F1D8-4AD6-374B-92FDEBD0CE3A}.Debug|Any CPU.ActiveCfg = Debug|Any CPU
		{5B290B03-F1D8-4AD6-374B-92FDEBD0CE3A}.Debug|Any CPU.Build.0 = Debug|Any CPU
		{5B290B03-F1D8-4AD6-374B-92FDEBD0CE3A}.Release|Any CPU.ActiveCfg = Release|Any CPU
		{5B290B03-F1D8-4AD6-374B-92FDEBD0CE3A}.Release|Any CPU.Build.0 = Release|Any CPU
		{32ED3A3A-5A48-D951-F739-0A5F072B6607}.Debug|Any CPU.ActiveCfg = Debug|Any CPU
		{32ED3A3A-5A48-D951-F739-0A5F072B6607}.Debug|Any CPU.Build.0 = Debug|Any CPU
		{32ED3A3A-5A48-D951-F739-0A5F072B6607}.Release|Any CPU.ActiveCfg = Release|Any CPU
		{32ED3A3A-5A48-D951-F739-0A5F072B6607}.Release|Any CPU.Build.0 = Release|Any CPU
		{3B0A810E-845C-4199-3258-283CA3EDE94C}.Debug|Any CPU.ActiveCfg = Debug|Any CPU
		{3B0A810E-845C-4199-3258-283CA3EDE94C}.Debug|Any CPU.Build.0 = Debug|Any CPU
		{3B0A810E-845C-4199-3258-283CA3EDE94C}.Release|Any CPU.ActiveCfg = Release|Any CPU
		{3B0A810E-845C-4199-3258-283CA3EDE94C}.Release|Any CPU.Build.0 = Release|Any CPU
		{2879A22A-6CEE-2472-3295-0A5B5D0C68D4}.Debug|Any CPU.ActiveCfg = Debug|Any CPU
		{2879A22A-6CEE-2472-3295-0A5B5D0C68D4}.Debug|Any CPU.Build.0 = Debug|Any CPU
		{2879A22A-6CEE-2472-3295-0A5B5D0C68D4}.Release|Any CPU.ActiveCfg = Release|Any CPU
		{2879A22A-6CEE-2472-3295-0A5B5D0C68D4}.Release|Any CPU.Build.0 = Release|Any CPU
		{9915ABCB-8155-511F-7CAE-8E34EC880634}.Debug|Any CPU.ActiveCfg = Debug|Any CPU
		{9915ABCB-8155-511F-7CAE-8E34EC880634}.Debug|Any CPU.Build.0 = Debug|Any CPU
		{9915ABCB-8155-511F-7CAE-8E34EC880634}.Release|Any CPU.ActiveCfg = Release|Any CPU
		{9915ABCB-8155-511F-7CAE-8E34EC880634}.Release|Any CPU.Build.0 = Release|Any CPU
	EndGlobalSection
	GlobalSection(SolutionProperties) = preSolution
		HideSolutionNode = FALSE
	EndGlobalSection
EndGlobal
